// !$*UTF8*$!
{
	archiveVersion = 1;
	classes = {
	};
	objectVersion = 46;
	objects = {

/* Begin PBXBuildFile section */
		03D6EA34FFF34151A4AC0443 /* AntDesign.ttf in Resources */ = {isa = PBXBuildFile; fileRef = 00E0966886CC4946ACA68883 /* AntDesign.ttf */; };
		1887B07B1EC746C4982A6877 /* EvilIcons.ttf in Resources */ = {isa = PBXBuildFile; fileRef = 532D496D51F54BD0A956690A /* EvilIcons.ttf */; };
		229CEDED862A4B2D9BB1D517 /* Roboto-Italic.ttf in Resources */ = {isa = PBXBuildFile; fileRef = F1B9C98864454C3A8674D94E /* Roboto-Italic.ttf */; };
		254F99B3471E4790B9A102C6 /* libRNFileDownload.a in Frameworks */ = {isa = PBXBuildFile; fileRef = F0AA9CC069184659A60E5773 /* libRNFileDownload.a */; };
		29A0041E742846C9AA67B230 /* Zocial.ttf in Resources */ = {isa = PBXBuildFile; fileRef = 7BD6A4EDCBF34D3DB0D480D0 /* Zocial.ttf */; };
		3E82D1070D6B4E7CA98A3A34 /* FontAwesome5_Brands.ttf in Resources */ = {isa = PBXBuildFile; fileRef = AE43269F777A47268C817524 /* FontAwesome5_Brands.ttf */; };
		4E059C8AF0FC4C1694A5D27D /* Roboto-BlackItalic.ttf in Resources */ = {isa = PBXBuildFile; fileRef = 30163FEF199B4935A5FDAFE2 /* Roboto-BlackItalic.ttf */; };
		4F1D5F257928487BA6E6D7CD /* Roboto-Thin.ttf in Resources */ = {isa = PBXBuildFile; fileRef = 1FD78FDB3231441EA6B6E0E8 /* Roboto-Thin.ttf */; };
		51D20FFC27284D818CB42379 /* Roboto-ThinItalic.ttf in Resources */ = {isa = PBXBuildFile; fileRef = 9A1B6631AC0B4829A0C74F4C /* Roboto-ThinItalic.ttf */; };
		53AF4AB1BB65444BAFA3F31D /* libReactNativeConfig.a in Frameworks */ = {isa = PBXBuildFile; fileRef = C0F5A4121A9C4F88846E244D /* libReactNativeConfig.a */; };
		5D36E24EAC2741ABBB1E5A55 /* Feather.ttf in Resources */ = {isa = PBXBuildFile; fileRef = 151F7274A7DB45EB93586F00 /* Feather.ttf */; };
		649E122B3CBA458DBBF5CAE3 /* RobotoCondensed-Bold.ttf in Resources */ = {isa = PBXBuildFile; fileRef = 76C13F9762F14F1DA42768AA /* RobotoCondensed-Bold.ttf */; };
		6B9BBE21977B4E5CA3ADA895 /* Ionicons.ttf in Resources */ = {isa = PBXBuildFile; fileRef = 2C6F4A395E054E2CBFEF6689 /* Ionicons.ttf */; };
		6CA64B00E2AC49E3B227F37F /* MaterialCommunityIcons.ttf in Resources */ = {isa = PBXBuildFile; fileRef = 6AB929A57C544435994907B3 /* MaterialCommunityIcons.ttf */; };
		6F38FD5FFBE64AD4B42F77E0 /* Foundation.ttf in Resources */ = {isa = PBXBuildFile; fileRef = F6297414F905478887E8131C /* Foundation.ttf */; };
		7063AA3E3F8740B19150CA87 /* Roboto-Regular.ttf in Resources */ = {isa = PBXBuildFile; fileRef = 677F1DF3F99941BFA6E72B0A /* Roboto-Regular.ttf */; };
		71A8FCF2E26B47A0A12B18CF /* RobotoCondensed-Light.ttf in Resources */ = {isa = PBXBuildFile; fileRef = 12B0228427D54FDF8EB170AB /* RobotoCondensed-Light.ttf */; };
		86EB588ECE3A4850AFFD3D46 /* Roboto-Medium.ttf in Resources */ = {isa = PBXBuildFile; fileRef = 3AC9811165D64F7087C83C82 /* Roboto-Medium.ttf */; };
		8E3FE5ABB5414811A991715A /* RobotoCondensed-BoldItalic.ttf in Resources */ = {isa = PBXBuildFile; fileRef = 7A30184B65D54893BD43D272 /* RobotoCondensed-BoldItalic.ttf */; };
		8F9D4F26283649DDB740114B /* RobotoCondensed-Italic.ttf in Resources */ = {isa = PBXBuildFile; fileRef = 42F46754EA354DDA9EB16834 /* RobotoCondensed-Italic.ttf */; };
		9EC23A69F982464282B47592 /* SimpleLineIcons.ttf in Resources */ = {isa = PBXBuildFile; fileRef = 8751F23371D1438A85FAD477 /* SimpleLineIcons.ttf */; };
		A3E8458F5AE54302A87BC486 /* MaterialIcons.ttf in Resources */ = {isa = PBXBuildFile; fileRef = 050E67EC64014F439917FFCF /* MaterialIcons.ttf */; };
		AB74EC4EF0744084BA82363B /* FontAwesome5_Regular.ttf in Resources */ = {isa = PBXBuildFile; fileRef = 81B216853AE54475BD663B00 /* FontAwesome5_Regular.ttf */; };
		AF11B0E3EC584E098F91F104 /* libAutoGrowTextInput.a in Frameworks */ = {isa = PBXBuildFile; fileRef = 12EC176E3C144A1181BB248E /* libAutoGrowTextInput.a */; };
		B013EE66E9434B36B3C36DC4 /* Roboto-Light.ttf in Resources */ = {isa = PBXBuildFile; fileRef = C34B88573B3F422A86FA2F85 /* Roboto-Light.ttf */; };
		B4F7C447E34C44DE816458D8 /* Roboto-Bold.ttf in Resources */ = {isa = PBXBuildFile; fileRef = 7156358D2B10427F97F1D002 /* Roboto-Bold.ttf */; };
		B501732B1DC01252003445D9 /* EXShell.plist in Resources */ = {isa = PBXBuildFile; fileRef = B501732A1DC01252003445D9 /* EXShell.plist */; };
		B56386491DB9693800A0598C /* AppDelegate.m in Sources */ = {isa = PBXBuildFile; fileRef = B56386481DB9693800A0598C /* AppDelegate.m */; };
		B56386511DB9693800A0598C /* Assets.xcassets in Resources */ = {isa = PBXBuildFile; fileRef = B56386501DB9693800A0598C /* Assets.xcassets */; };
		B56386611DB96A5E00A0598C /* main.m in Sources */ = {isa = PBXBuildFile; fileRef = B563865E1DB96A5E00A0598C /* main.m */; };
		B56386671DB9994300A0598C /* EXSDKVersions.plist in Resources */ = {isa = PBXBuildFile; fileRef = B56386661DB9994300A0598C /* EXSDKVersions.plist */; };
		B5693E8E1FABD16A00307FA4 /* LaunchScreen.xib in Resources */ = {isa = PBXBuildFile; fileRef = B5693E8D1FABD16A00307FA4 /* LaunchScreen.xib */; };
		B5693E911FABD46800307FA4 /* launch_background_image.png in Resources */ = {isa = PBXBuildFile; fileRef = B5693E8F1FABD46800307FA4 /* launch_background_image.png */; };
		B5693E921FABD46800307FA4 /* launch_icon.png in Resources */ = {isa = PBXBuildFile; fileRef = B5693E901FABD46800307FA4 /* launch_icon.png */; };
		B5CFBF4F1EDE419400B4BE24 /* EXBuildConstants.plist in Resources */ = {isa = PBXBuildFile; fileRef = B5CFBF4E1EDE419400B4BE24 /* EXBuildConstants.plist */; };
		B5DB04801F3A684600E91581 /* shell-app-manifest.json in Resources */ = {isa = PBXBuildFile; fileRef = B5DB047E1F3A684600E91581 /* shell-app-manifest.json */; };
		B5DB04811F3A684600E91581 /* shell-app.bundle in Resources */ = {isa = PBXBuildFile; fileRef = B5DB047F1F3A684600E91581 /* shell-app.bundle */; };
		B9068EFA96404981B008CF66 /* Roboto-MediumItalic.ttf in Resources */ = {isa = PBXBuildFile; fileRef = 758DBC665A914722B9EBE1CA /* Roboto-MediumItalic.ttf */; };
		BCFCCE12DBE64AB6A6262D76 /* Roboto-LightItalic.ttf in Resources */ = {isa = PBXBuildFile; fileRef = C3EF093C26A24A07B386C1A7 /* Roboto-LightItalic.ttf */; };
		C3500DBF3A1949E580FDDFB3 /* RobotoCondensed-LightItalic.ttf in Resources */ = {isa = PBXBuildFile; fileRef = 773818AE0A5D47238EC6EF88 /* RobotoCondensed-LightItalic.ttf */; };
		CA0F7048EEE34B4FB7794BCB /* Entypo.ttf in Resources */ = {isa = PBXBuildFile; fileRef = 54FB8003D71048A6B7A9E38F /* Entypo.ttf */; };
		CAADC770894F4DBEB7D18E43 /* FontAwesome.ttf in Resources */ = {isa = PBXBuildFile; fileRef = FEF670BE9BCC4EA480D03DC6 /* FontAwesome.ttf */; };
		CE93019602FB4BEB8A1D3C14 /* Roboto-Black.ttf in Resources */ = {isa = PBXBuildFile; fileRef = DD6643839637464C90F4D87E /* Roboto-Black.ttf */; };
		D57AB346A66B423A9BE8A3FE /* FontAwesome5_Solid.ttf in Resources */ = {isa = PBXBuildFile; fileRef = B29D52C708FE4229B3D1F031 /* FontAwesome5_Solid.ttf */; };
		E721DB466E5043DFB76CEE2B /* Octicons.ttf in Resources */ = {isa = PBXBuildFile; fileRef = C4239798B3B94122817491C1 /* Octicons.ttf */; };
		E926EB1F6E64465895317E46 /* RobotoCondensed-Regular.ttf in Resources */ = {isa = PBXBuildFile; fileRef = 694F0CC16BF343D39C4C41A1 /* RobotoCondensed-Regular.ttf */; };
		E98E9CC0D5CE4BB6B03981F4 /* Roboto-BoldItalic.ttf in Resources */ = {isa = PBXBuildFile; fileRef = 631156BE98054F6EB0AB9E21 /* Roboto-BoldItalic.ttf */; };
		EBB8117C1BFA0514F79CAF74 /* libPods-universe.a in Frameworks */ = {isa = PBXBuildFile; fileRef = C4A88D15726AD99E8A257BC7 /* libPods-universe.a */; };
/* End PBXBuildFile section */

/* Begin PBXContainerItemProxy section */
		0553AF6622D79655003B3F39 /* PBXContainerItemProxy */ = {
			isa = PBXContainerItemProxy;
			containerPortal = 9A30A892384D4D12A6575C8D /* AutoGrowTextInput.xcodeproj */;
			proxyType = 2;
			remoteGlobalIDString = D81C36501CDB667F00777FB9;
			remoteInfo = AutoGrowTextInput;
		};
		0553AF6922D79655003B3F39 /* PBXContainerItemProxy */ = {
			isa = PBXContainerItemProxy;
			containerPortal = 54E21587135E4BC6BDDD1E71 /* ReactNativeConfig.xcodeproj */;
			proxyType = 2;
			remoteGlobalIDString = EB2648DF1C7BE17A00B8F155;
			remoteInfo = ReactNativeConfig;
		};
		0553AF6C22D79655003B3F39 /* PBXContainerItemProxy */ = {
			isa = PBXContainerItemProxy;
			containerPortal = 01EF08D2ADC540FEAFC84235 /* RNFileDownload.xcodeproj */;
			proxyType = 2;
			remoteGlobalIDString = D045FC4C1B94140B00C00AF7;
			remoteInfo = RNFileDownload;
		};
/* End PBXContainerItemProxy section */

/* Begin PBXFileReference section */
		00E0966886CC4946ACA68883 /* AntDesign.ttf */ = {isa = PBXFileReference; explicitFileType = undefined; fileEncoding = 9; includeInIndex = 0; lastKnownFileType = unknown; name = AntDesign.ttf; path = "../node_modules/react-native-vector-icons/Fonts/AntDesign.ttf"; sourceTree = "<group>"; };
		01EF08D2ADC540FEAFC84235 /* RNFileDownload.xcodeproj */ = {isa = PBXFileReference; explicitFileType = undefined; fileEncoding = 9; includeInIndex = 0; lastKnownFileType = "wrapper.pb-project"; name = RNFileDownload.xcodeproj; path = "../node_modules/react-native-file-download/RNFileDownload.xcodeproj"; sourceTree = "<group>"; };
		050E67EC64014F439917FFCF /* MaterialIcons.ttf */ = {isa = PBXFileReference; explicitFileType = undefined; fileEncoding = 9; includeInIndex = 0; lastKnownFileType = unknown; name = MaterialIcons.ttf; path = "../node_modules/react-native-vector-icons/Fonts/MaterialIcons.ttf"; sourceTree = "<group>"; };
		12B0228427D54FDF8EB170AB /* RobotoCondensed-Light.ttf */ = {isa = PBXFileReference; explicitFileType = undefined; fileEncoding = 9; includeInIndex = 0; lastKnownFileType = unknown; name = "RobotoCondensed-Light.ttf"; path = "../assets/fonts/RobotoCondensed-Light.ttf"; sourceTree = "<group>"; };
		12EC176E3C144A1181BB248E /* libAutoGrowTextInput.a */ = {isa = PBXFileReference; explicitFileType = undefined; fileEncoding = 9; includeInIndex = 0; lastKnownFileType = archive.ar; path = libAutoGrowTextInput.a; sourceTree = "<group>"; };
		151F7274A7DB45EB93586F00 /* Feather.ttf */ = {isa = PBXFileReference; explicitFileType = undefined; fileEncoding = 9; includeInIndex = 0; lastKnownFileType = unknown; name = Feather.ttf; path = "../node_modules/react-native-vector-icons/Fonts/Feather.ttf"; sourceTree = "<group>"; };
		1FD78FDB3231441EA6B6E0E8 /* Roboto-Thin.ttf */ = {isa = PBXFileReference; explicitFileType = undefined; fileEncoding = 9; includeInIndex = 0; lastKnownFileType = unknown; name = "Roboto-Thin.ttf"; path = "../assets/fonts/Roboto-Thin.ttf"; sourceTree = "<group>"; };
		2C1548D9E4CB1AEFA5CCAE6D /* Pods-universe.debug.xcconfig */ = {isa = PBXFileReference; includeInIndex = 1; lastKnownFileType = text.xcconfig; name = "Pods-universe.debug.xcconfig"; path = "Pods/Target Support Files/Pods-universe/Pods-universe.debug.xcconfig"; sourceTree = "<group>"; };
		2C6F4A395E054E2CBFEF6689 /* Ionicons.ttf */ = {isa = PBXFileReference; explicitFileType = undefined; fileEncoding = 9; includeInIndex = 0; lastKnownFileType = unknown; name = Ionicons.ttf; path = "../node_modules/react-native-vector-icons/Fonts/Ionicons.ttf"; sourceTree = "<group>"; };
		30163FEF199B4935A5FDAFE2 /* Roboto-BlackItalic.ttf */ = {isa = PBXFileReference; explicitFileType = undefined; fileEncoding = 9; includeInIndex = 0; lastKnownFileType = unknown; name = "Roboto-BlackItalic.ttf"; path = "../assets/fonts/Roboto-BlackItalic.ttf"; sourceTree = "<group>"; };
		3AC9811165D64F7087C83C82 /* Roboto-Medium.ttf */ = {isa = PBXFileReference; explicitFileType = undefined; fileEncoding = 9; includeInIndex = 0; lastKnownFileType = unknown; name = "Roboto-Medium.ttf"; path = "../assets/fonts/Roboto-Medium.ttf"; sourceTree = "<group>"; };
		42F46754EA354DDA9EB16834 /* RobotoCondensed-Italic.ttf */ = {isa = PBXFileReference; explicitFileType = undefined; fileEncoding = 9; includeInIndex = 0; lastKnownFileType = unknown; name = "RobotoCondensed-Italic.ttf"; path = "../assets/fonts/RobotoCondensed-Italic.ttf"; sourceTree = "<group>"; };
		532D496D51F54BD0A956690A /* EvilIcons.ttf */ = {isa = PBXFileReference; explicitFileType = undefined; fileEncoding = 9; includeInIndex = 0; lastKnownFileType = unknown; name = EvilIcons.ttf; path = "../node_modules/react-native-vector-icons/Fonts/EvilIcons.ttf"; sourceTree = "<group>"; };
		54E21587135E4BC6BDDD1E71 /* ReactNativeConfig.xcodeproj */ = {isa = PBXFileReference; explicitFileType = undefined; fileEncoding = 9; includeInIndex = 0; lastKnownFileType = "wrapper.pb-project"; name = ReactNativeConfig.xcodeproj; path = "../node_modules/react-native-config/ios/ReactNativeConfig.xcodeproj"; sourceTree = "<group>"; };
		54FB8003D71048A6B7A9E38F /* Entypo.ttf */ = {isa = PBXFileReference; explicitFileType = undefined; fileEncoding = 9; includeInIndex = 0; lastKnownFileType = unknown; name = Entypo.ttf; path = "../node_modules/react-native-vector-icons/Fonts/Entypo.ttf"; sourceTree = "<group>"; };
		631156BE98054F6EB0AB9E21 /* Roboto-BoldItalic.ttf */ = {isa = PBXFileReference; explicitFileType = undefined; fileEncoding = 9; includeInIndex = 0; lastKnownFileType = unknown; name = "Roboto-BoldItalic.ttf"; path = "../assets/fonts/Roboto-BoldItalic.ttf"; sourceTree = "<group>"; };
		677F1DF3F99941BFA6E72B0A /* Roboto-Regular.ttf */ = {isa = PBXFileReference; explicitFileType = undefined; fileEncoding = 9; includeInIndex = 0; lastKnownFileType = unknown; name = "Roboto-Regular.ttf"; path = "../assets/fonts/Roboto-Regular.ttf"; sourceTree = "<group>"; };
		694F0CC16BF343D39C4C41A1 /* RobotoCondensed-Regular.ttf */ = {isa = PBXFileReference; explicitFileType = undefined; fileEncoding = 9; includeInIndex = 0; lastKnownFileType = unknown; name = "RobotoCondensed-Regular.ttf"; path = "../assets/fonts/RobotoCondensed-Regular.ttf"; sourceTree = "<group>"; };
		6AB929A57C544435994907B3 /* MaterialCommunityIcons.ttf */ = {isa = PBXFileReference; explicitFileType = undefined; fileEncoding = 9; includeInIndex = 0; lastKnownFileType = unknown; name = MaterialCommunityIcons.ttf; path = "../node_modules/react-native-vector-icons/Fonts/MaterialCommunityIcons.ttf"; sourceTree = "<group>"; };
		7156358D2B10427F97F1D002 /* Roboto-Bold.ttf */ = {isa = PBXFileReference; explicitFileType = undefined; fileEncoding = 9; includeInIndex = 0; lastKnownFileType = unknown; name = "Roboto-Bold.ttf"; path = "../assets/fonts/Roboto-Bold.ttf"; sourceTree = "<group>"; };
		758DBC665A914722B9EBE1CA /* Roboto-MediumItalic.ttf */ = {isa = PBXFileReference; explicitFileType = undefined; fileEncoding = 9; includeInIndex = 0; lastKnownFileType = unknown; name = "Roboto-MediumItalic.ttf"; path = "../assets/fonts/Roboto-MediumItalic.ttf"; sourceTree = "<group>"; };
		76C13F9762F14F1DA42768AA /* RobotoCondensed-Bold.ttf */ = {isa = PBXFileReference; explicitFileType = undefined; fileEncoding = 9; includeInIndex = 0; lastKnownFileType = unknown; name = "RobotoCondensed-Bold.ttf"; path = "../assets/fonts/RobotoCondensed-Bold.ttf"; sourceTree = "<group>"; };
		773818AE0A5D47238EC6EF88 /* RobotoCondensed-LightItalic.ttf */ = {isa = PBXFileReference; explicitFileType = undefined; fileEncoding = 9; includeInIndex = 0; lastKnownFileType = unknown; name = "RobotoCondensed-LightItalic.ttf"; path = "../assets/fonts/RobotoCondensed-LightItalic.ttf"; sourceTree = "<group>"; };
		7A30184B65D54893BD43D272 /* RobotoCondensed-BoldItalic.ttf */ = {isa = PBXFileReference; explicitFileType = undefined; fileEncoding = 9; includeInIndex = 0; lastKnownFileType = unknown; name = "RobotoCondensed-BoldItalic.ttf"; path = "../assets/fonts/RobotoCondensed-BoldItalic.ttf"; sourceTree = "<group>"; };
		7BD6A4EDCBF34D3DB0D480D0 /* Zocial.ttf */ = {isa = PBXFileReference; explicitFileType = undefined; fileEncoding = 9; includeInIndex = 0; lastKnownFileType = unknown; name = Zocial.ttf; path = "../node_modules/react-native-vector-icons/Fonts/Zocial.ttf"; sourceTree = "<group>"; };
		81B216853AE54475BD663B00 /* FontAwesome5_Regular.ttf */ = {isa = PBXFileReference; explicitFileType = undefined; fileEncoding = 9; includeInIndex = 0; lastKnownFileType = unknown; name = FontAwesome5_Regular.ttf; path = "../node_modules/react-native-vector-icons/Fonts/FontAwesome5_Regular.ttf"; sourceTree = "<group>"; };
		8751F23371D1438A85FAD477 /* SimpleLineIcons.ttf */ = {isa = PBXFileReference; explicitFileType = undefined; fileEncoding = 9; includeInIndex = 0; lastKnownFileType = unknown; name = SimpleLineIcons.ttf; path = "../node_modules/react-native-vector-icons/Fonts/SimpleLineIcons.ttf"; sourceTree = "<group>"; };
		9A1B6631AC0B4829A0C74F4C /* Roboto-ThinItalic.ttf */ = {isa = PBXFileReference; explicitFileType = undefined; fileEncoding = 9; includeInIndex = 0; lastKnownFileType = unknown; name = "Roboto-ThinItalic.ttf"; path = "../assets/fonts/Roboto-ThinItalic.ttf"; sourceTree = "<group>"; };
		9A30A892384D4D12A6575C8D /* AutoGrowTextInput.xcodeproj */ = {isa = PBXFileReference; explicitFileType = undefined; fileEncoding = 9; includeInIndex = 0; lastKnownFileType = "wrapper.pb-project"; name = AutoGrowTextInput.xcodeproj; path = "../node_modules/react-native-autogrow-textinput/ios/AutoGrowTextInput.xcodeproj"; sourceTree = "<group>"; };
		A47FE4D7F70906B7DC8CE39B /* Pods-universe.release.xcconfig */ = {isa = PBXFileReference; includeInIndex = 1; lastKnownFileType = text.xcconfig; name = "Pods-universe.release.xcconfig"; path = "Pods/Target Support Files/Pods-universe/Pods-universe.release.xcconfig"; sourceTree = "<group>"; };
		AE43269F777A47268C817524 /* FontAwesome5_Brands.ttf */ = {isa = PBXFileReference; explicitFileType = undefined; fileEncoding = 9; includeInIndex = 0; lastKnownFileType = unknown; name = FontAwesome5_Brands.ttf; path = "../node_modules/react-native-vector-icons/Fonts/FontAwesome5_Brands.ttf"; sourceTree = "<group>"; };
		B29D52C708FE4229B3D1F031 /* FontAwesome5_Solid.ttf */ = {isa = PBXFileReference; explicitFileType = undefined; fileEncoding = 9; includeInIndex = 0; lastKnownFileType = unknown; name = FontAwesome5_Solid.ttf; path = "../node_modules/react-native-vector-icons/Fonts/FontAwesome5_Solid.ttf"; sourceTree = "<group>"; };
		B501732A1DC01252003445D9 /* EXShell.plist */ = {isa = PBXFileReference; fileEncoding = 4; lastKnownFileType = text.plist.xml; path = EXShell.plist; sourceTree = "<group>"; };
		B56386411DB9693800A0598C /* universe.app */ = {isa = PBXFileReference; explicitFileType = wrapper.application; includeInIndex = 0; path = universe.app; sourceTree = BUILT_PRODUCTS_DIR; };
		B56386471DB9693800A0598C /* AppDelegate.h */ = {isa = PBXFileReference; lastKnownFileType = sourcecode.c.h; path = AppDelegate.h; sourceTree = "<group>"; };
		B56386481DB9693800A0598C /* AppDelegate.m */ = {isa = PBXFileReference; lastKnownFileType = sourcecode.c.objc; path = AppDelegate.m; sourceTree = "<group>"; };
		B56386501DB9693800A0598C /* Assets.xcassets */ = {isa = PBXFileReference; lastKnownFileType = folder.assetcatalog; path = Assets.xcassets; sourceTree = "<group>"; };
		B563865C1DB96A5E00A0598C /* Info.plist */ = {isa = PBXFileReference; fileEncoding = 4; lastKnownFileType = text.plist.xml; path = Info.plist; sourceTree = "<group>"; };
		B563865E1DB96A5E00A0598C /* main.m */ = {isa = PBXFileReference; fileEncoding = 4; lastKnownFileType = sourcecode.c.objc; path = main.m; sourceTree = "<group>"; };
		B56386661DB9994300A0598C /* EXSDKVersions.plist */ = {isa = PBXFileReference; fileEncoding = 4; lastKnownFileType = text.plist.xml; path = EXSDKVersions.plist; sourceTree = "<group>"; };
		B5693E8D1FABD16A00307FA4 /* LaunchScreen.xib */ = {isa = PBXFileReference; fileEncoding = 4; lastKnownFileType = file.xib; path = LaunchScreen.xib; sourceTree = "<group>"; };
		B5693E8F1FABD46800307FA4 /* launch_background_image.png */ = {isa = PBXFileReference; lastKnownFileType = image.png; path = launch_background_image.png; sourceTree = "<group>"; };
		B5693E901FABD46800307FA4 /* launch_icon.png */ = {isa = PBXFileReference; lastKnownFileType = image.png; path = launch_icon.png; sourceTree = "<group>"; };
		B5CFBF4E1EDE419400B4BE24 /* EXBuildConstants.plist */ = {isa = PBXFileReference; fileEncoding = 4; lastKnownFileType = text.plist.xml; path = EXBuildConstants.plist; sourceTree = "<group>"; };
		B5DB047E1F3A684600E91581 /* shell-app-manifest.json */ = {isa = PBXFileReference; fileEncoding = 4; lastKnownFileType = text.json; path = "shell-app-manifest.json"; sourceTree = "<group>"; };
		B5DB047F1F3A684600E91581 /* shell-app.bundle */ = {isa = PBXFileReference; fileEncoding = 4; lastKnownFileType = text; path = "shell-app.bundle"; sourceTree = "<group>"; };
		C0F5A4121A9C4F88846E244D /* libReactNativeConfig.a */ = {isa = PBXFileReference; explicitFileType = undefined; fileEncoding = 9; includeInIndex = 0; lastKnownFileType = archive.ar; path = libReactNativeConfig.a; sourceTree = "<group>"; };
		C34B88573B3F422A86FA2F85 /* Roboto-Light.ttf */ = {isa = PBXFileReference; explicitFileType = undefined; fileEncoding = 9; includeInIndex = 0; lastKnownFileType = unknown; name = "Roboto-Light.ttf"; path = "../assets/fonts/Roboto-Light.ttf"; sourceTree = "<group>"; };
		C3EF093C26A24A07B386C1A7 /* Roboto-LightItalic.ttf */ = {isa = PBXFileReference; explicitFileType = undefined; fileEncoding = 9; includeInIndex = 0; lastKnownFileType = unknown; name = "Roboto-LightItalic.ttf"; path = "../assets/fonts/Roboto-LightItalic.ttf"; sourceTree = "<group>"; };
		C4239798B3B94122817491C1 /* Octicons.ttf */ = {isa = PBXFileReference; explicitFileType = undefined; fileEncoding = 9; includeInIndex = 0; lastKnownFileType = unknown; name = Octicons.ttf; path = "../node_modules/react-native-vector-icons/Fonts/Octicons.ttf"; sourceTree = "<group>"; };
		C4A88D15726AD99E8A257BC7 /* libPods-universe.a */ = {isa = PBXFileReference; explicitFileType = archive.ar; includeInIndex = 0; path = "libPods-universe.a"; sourceTree = BUILT_PRODUCTS_DIR; };
		DD6643839637464C90F4D87E /* Roboto-Black.ttf */ = {isa = PBXFileReference; explicitFileType = undefined; fileEncoding = 9; includeInIndex = 0; lastKnownFileType = unknown; name = "Roboto-Black.ttf"; path = "../assets/fonts/Roboto-Black.ttf"; sourceTree = "<group>"; };
		F0AA9CC069184659A60E5773 /* libRNFileDownload.a */ = {isa = PBXFileReference; explicitFileType = undefined; fileEncoding = 9; includeInIndex = 0; lastKnownFileType = archive.ar; path = libRNFileDownload.a; sourceTree = "<group>"; };
		F1B9C98864454C3A8674D94E /* Roboto-Italic.ttf */ = {isa = PBXFileReference; explicitFileType = undefined; fileEncoding = 9; includeInIndex = 0; lastKnownFileType = unknown; name = "Roboto-Italic.ttf"; path = "../assets/fonts/Roboto-Italic.ttf"; sourceTree = "<group>"; };
		F6297414F905478887E8131C /* Foundation.ttf */ = {isa = PBXFileReference; explicitFileType = undefined; fileEncoding = 9; includeInIndex = 0; lastKnownFileType = unknown; name = Foundation.ttf; path = "../node_modules/react-native-vector-icons/Fonts/Foundation.ttf"; sourceTree = "<group>"; };
		FEF670BE9BCC4EA480D03DC6 /* FontAwesome.ttf */ = {isa = PBXFileReference; explicitFileType = undefined; fileEncoding = 9; includeInIndex = 0; lastKnownFileType = unknown; name = FontAwesome.ttf; path = "../node_modules/react-native-vector-icons/Fonts/FontAwesome.ttf"; sourceTree = "<group>"; };
/* End PBXFileReference section */

/* Begin PBXFrameworksBuildPhase section */
		B563863E1DB9693800A0598C /* Frameworks */ = {
			isa = PBXFrameworksBuildPhase;
			buildActionMask = 2147483647;
			files = (
				EBB8117C1BFA0514F79CAF74 /* libPods-universe.a in Frameworks */,
				AF11B0E3EC584E098F91F104 /* libAutoGrowTextInput.a in Frameworks */,
				53AF4AB1BB65444BAFA3F31D /* libReactNativeConfig.a in Frameworks */,
				254F99B3471E4790B9A102C6 /* libRNFileDownload.a in Frameworks */,
			);
			runOnlyForDeploymentPostprocessing = 0;
		};
/* End PBXFrameworksBuildPhase section */

/* Begin PBXGroup section */
		0553AF5E22D79654003B3F39 /* Recovered References */ = {
			isa = PBXGroup;
			children = (
				12EC176E3C144A1181BB248E /* libAutoGrowTextInput.a */,
				C0F5A4121A9C4F88846E244D /* libReactNativeConfig.a */,
				F0AA9CC069184659A60E5773 /* libRNFileDownload.a */,
			);
			name = "Recovered References";
			sourceTree = "<group>";
		};
		0553AF5F22D79655003B3F39 /* Products */ = {
			isa = PBXGroup;
			children = (
				0553AF6D22D79655003B3F39 /* libRNFileDownload.a */,
			);
			name = Products;
			sourceTree = "<group>";
		};
		0553AF6122D79655003B3F39 /* Products */ = {
			isa = PBXGroup;
			children = (
				0553AF6722D79655003B3F39 /* libAutoGrowTextInput.a */,
			);
			name = Products;
			sourceTree = "<group>";
		};
		0553AF6322D79655003B3F39 /* Products */ = {
			isa = PBXGroup;
			children = (
				0553AF6A22D79655003B3F39 /* libReactNativeConfig.a */,
			);
			name = Products;
			sourceTree = "<group>";
		};
		1A42804E64B7E9E0AB8B6799 /* Frameworks */ = {
			isa = PBXGroup;
			children = (
				C4A88D15726AD99E8A257BC7 /* libPods-universe.a */,
			);
			name = Frameworks;
			sourceTree = "<group>";
		};
		1E1A6D3E51B24F6F9E935735 /* Resources */ = {
			isa = PBXGroup;
			children = (
				DD6643839637464C90F4D87E /* Roboto-Black.ttf */,
				30163FEF199B4935A5FDAFE2 /* Roboto-BlackItalic.ttf */,
				7156358D2B10427F97F1D002 /* Roboto-Bold.ttf */,
				631156BE98054F6EB0AB9E21 /* Roboto-BoldItalic.ttf */,
				F1B9C98864454C3A8674D94E /* Roboto-Italic.ttf */,
				C34B88573B3F422A86FA2F85 /* Roboto-Light.ttf */,
				C3EF093C26A24A07B386C1A7 /* Roboto-LightItalic.ttf */,
				3AC9811165D64F7087C83C82 /* Roboto-Medium.ttf */,
				758DBC665A914722B9EBE1CA /* Roboto-MediumItalic.ttf */,
				677F1DF3F99941BFA6E72B0A /* Roboto-Regular.ttf */,
				1FD78FDB3231441EA6B6E0E8 /* Roboto-Thin.ttf */,
				9A1B6631AC0B4829A0C74F4C /* Roboto-ThinItalic.ttf */,
				76C13F9762F14F1DA42768AA /* RobotoCondensed-Bold.ttf */,
				7A30184B65D54893BD43D272 /* RobotoCondensed-BoldItalic.ttf */,
				42F46754EA354DDA9EB16834 /* RobotoCondensed-Italic.ttf */,
				12B0228427D54FDF8EB170AB /* RobotoCondensed-Light.ttf */,
				773818AE0A5D47238EC6EF88 /* RobotoCondensed-LightItalic.ttf */,
				694F0CC16BF343D39C4C41A1 /* RobotoCondensed-Regular.ttf */,
				00E0966886CC4946ACA68883 /* AntDesign.ttf */,
				54FB8003D71048A6B7A9E38F /* Entypo.ttf */,
				532D496D51F54BD0A956690A /* EvilIcons.ttf */,
				151F7274A7DB45EB93586F00 /* Feather.ttf */,
				FEF670BE9BCC4EA480D03DC6 /* FontAwesome.ttf */,
				AE43269F777A47268C817524 /* FontAwesome5_Brands.ttf */,
				81B216853AE54475BD663B00 /* FontAwesome5_Regular.ttf */,
				B29D52C708FE4229B3D1F031 /* FontAwesome5_Solid.ttf */,
				F6297414F905478887E8131C /* Foundation.ttf */,
				2C6F4A395E054E2CBFEF6689 /* Ionicons.ttf */,
				6AB929A57C544435994907B3 /* MaterialCommunityIcons.ttf */,
				050E67EC64014F439917FFCF /* MaterialIcons.ttf */,
				C4239798B3B94122817491C1 /* Octicons.ttf */,
				8751F23371D1438A85FAD477 /* SimpleLineIcons.ttf */,
				7BD6A4EDCBF34D3DB0D480D0 /* Zocial.ttf */,
			);
			name = Resources;
			sourceTree = "<group>";
		};
		1EB808438E094CD1BF44F727 /* Libraries */ = {
			isa = PBXGroup;
			children = (
				9A30A892384D4D12A6575C8D /* AutoGrowTextInput.xcodeproj */,
				54E21587135E4BC6BDDD1E71 /* ReactNativeConfig.xcodeproj */,
				01EF08D2ADC540FEAFC84235 /* RNFileDownload.xcodeproj */,
			);
			name = Libraries;
			sourceTree = "<group>";
		};
		5B29BC350A332C58878A9F13 /* Pods */ = {
			isa = PBXGroup;
			children = (
				2C1548D9E4CB1AEFA5CCAE6D /* Pods-universe.debug.xcconfig */,
				A47FE4D7F70906B7DC8CE39B /* Pods-universe.release.xcconfig */,
			);
			name = Pods;
			sourceTree = "<group>";
		};
		B56386381DB9693800A0598C = {
			isa = PBXGroup;
			children = (
				B56386431DB9693800A0598C /* universe */,
				B56386421DB9693800A0598C /* Products */,
				5B29BC350A332C58878A9F13 /* Pods */,
				1A42804E64B7E9E0AB8B6799 /* Frameworks */,
				1EB808438E094CD1BF44F727 /* Libraries */,
				1E1A6D3E51B24F6F9E935735 /* Resources */,
				0553AF5E22D79654003B3F39 /* Recovered References */,
			);
			sourceTree = "<group>";
		};
		B56386421DB9693800A0598C /* Products */ = {
			isa = PBXGroup;
			children = (
				B56386411DB9693800A0598C /* universe.app */,
			);
			name = Products;
			sourceTree = "<group>";
		};
		B56386431DB9693800A0598C /* universe */ = {
			isa = PBXGroup;
			children = (
				B56386471DB9693800A0598C /* AppDelegate.h */,
				B56386481DB9693800A0598C /* AppDelegate.m */,
				B56386501DB9693800A0598C /* Assets.xcassets */,
				B563865B1DB96A5E00A0598C /* Supporting */,
			);
			path = universe;
			sourceTree = "<group>";
		};
		B563865B1DB96A5E00A0598C /* Supporting */ = {
			isa = PBXGroup;
			children = (
				B5693E8F1FABD46800307FA4 /* launch_background_image.png */,
				B5693E901FABD46800307FA4 /* launch_icon.png */,
				B5693E8D1FABD16A00307FA4 /* LaunchScreen.xib */,
				B5DB047E1F3A684600E91581 /* shell-app-manifest.json */,
				B5DB047F1F3A684600E91581 /* shell-app.bundle */,
				B5CFBF4E1EDE419400B4BE24 /* EXBuildConstants.plist */,
				B501732A1DC01252003445D9 /* EXShell.plist */,
				B56386661DB9994300A0598C /* EXSDKVersions.plist */,
				B563865C1DB96A5E00A0598C /* Info.plist */,
				B563865E1DB96A5E00A0598C /* main.m */,
			);
			path = Supporting;
			sourceTree = "<group>";
		};
/* End PBXGroup section */

/* Begin PBXNativeTarget section */
		B56386401DB9693800A0598C /* universe */ = {
			isa = PBXNativeTarget;
			buildConfigurationList = B56386581DB9693800A0598C /* Build configuration list for PBXNativeTarget "universe" */;
			buildPhases = (
				23539343DCC44EF8449429EE /* [CP] Check Pods Manifest.lock */,
				B5722AD01DFB7E3F0084848F /* Prepare Expo */,
				B563863D1DB9693800A0598C /* Sources */,
				B563863E1DB9693800A0598C /* Frameworks */,
				B563863F1DB9693800A0598C /* Resources */,
				AA38385B7D8D0854176B72FC /* [CP] Copy Pods Resources */,
				19D233B7204FDD7D0087ED51 /* Bundle Expo Assets */,
			);
			buildRules = (
			);
			dependencies = (
			);
			name = universe;
			productName = universe;
			productReference = B56386411DB9693800A0598C /* universe.app */;
			productType = "com.apple.product-type.application";
		};
/* End PBXNativeTarget section */

/* Begin PBXProject section */
		B56386391DB9693800A0598C /* Project object */ = {
			isa = PBXProject;
			attributes = {
				LastUpgradeCheck = 900;
				ORGANIZATIONNAME = "650 Industries, Inc.";
				TargetAttributes = {
					B56386401DB9693800A0598C = {
						CreatedOnToolsVersion = 8.0;
						DevelopmentTeam = U28URW9S3B;
						ProvisioningStyle = Automatic;
					};
				};
			};
			buildConfigurationList = B563863C1DB9693800A0598C /* Build configuration list for PBXProject "universe" */;
			compatibilityVersion = "Xcode 3.2";
			developmentRegion = English;
			hasScannedForEncodings = 0;
			knownRegions = (
				en,
				Base,
			);
			mainGroup = B56386381DB9693800A0598C;
			productRefGroup = B56386421DB9693800A0598C /* Products */;
			projectDirPath = "";
			projectReferences = (
				{
					ProductGroup = 0553AF6122D79655003B3F39 /* Products */;
					ProjectRef = 9A30A892384D4D12A6575C8D /* AutoGrowTextInput.xcodeproj */;
				},
				{
					ProductGroup = 0553AF6322D79655003B3F39 /* Products */;
					ProjectRef = 54E21587135E4BC6BDDD1E71 /* ReactNativeConfig.xcodeproj */;
				},
				{
					ProductGroup = 0553AF5F22D79655003B3F39 /* Products */;
					ProjectRef = 01EF08D2ADC540FEAFC84235 /* RNFileDownload.xcodeproj */;
				},
			);
			projectRoot = "";
			targets = (
				B56386401DB9693800A0598C /* universe */,
			);
		};
/* End PBXProject section */

/* Begin PBXReferenceProxy section */
		0553AF6722D79655003B3F39 /* libAutoGrowTextInput.a */ = {
			isa = PBXReferenceProxy;
			fileType = archive.ar;
			path = libAutoGrowTextInput.a;
			remoteRef = 0553AF6622D79655003B3F39 /* PBXContainerItemProxy */;
			sourceTree = BUILT_PRODUCTS_DIR;
		};
		0553AF6A22D79655003B3F39 /* libReactNativeConfig.a */ = {
			isa = PBXReferenceProxy;
			fileType = archive.ar;
			path = libReactNativeConfig.a;
			remoteRef = 0553AF6922D79655003B3F39 /* PBXContainerItemProxy */;
			sourceTree = BUILT_PRODUCTS_DIR;
		};
		0553AF6D22D79655003B3F39 /* libRNFileDownload.a */ = {
			isa = PBXReferenceProxy;
			fileType = archive.ar;
			path = libRNFileDownload.a;
			remoteRef = 0553AF6C22D79655003B3F39 /* PBXContainerItemProxy */;
			sourceTree = BUILT_PRODUCTS_DIR;
		};
/* End PBXReferenceProxy section */

/* Begin PBXResourcesBuildPhase section */
		B563863F1DB9693800A0598C /* Resources */ = {
			isa = PBXResourcesBuildPhase;
			buildActionMask = 2147483647;
			files = (
				B5693E911FABD46800307FA4 /* launch_background_image.png in Resources */,
				B501732B1DC01252003445D9 /* EXShell.plist in Resources */,
				B5CFBF4F1EDE419400B4BE24 /* EXBuildConstants.plist in Resources */,
				B56386671DB9994300A0598C /* EXSDKVersions.plist in Resources */,
				B5693E921FABD46800307FA4 /* launch_icon.png in Resources */,
				B5693E8E1FABD16A00307FA4 /* LaunchScreen.xib in Resources */,
				B5DB04801F3A684600E91581 /* shell-app-manifest.json in Resources */,
				B5DB04811F3A684600E91581 /* shell-app.bundle in Resources */,
				B56386511DB9693800A0598C /* Assets.xcassets in Resources */,
				CE93019602FB4BEB8A1D3C14 /* Roboto-Black.ttf in Resources */,
				4E059C8AF0FC4C1694A5D27D /* Roboto-BlackItalic.ttf in Resources */,
				B4F7C447E34C44DE816458D8 /* Roboto-Bold.ttf in Resources */,
				E98E9CC0D5CE4BB6B03981F4 /* Roboto-BoldItalic.ttf in Resources */,
				229CEDED862A4B2D9BB1D517 /* Roboto-Italic.ttf in Resources */,
				B013EE66E9434B36B3C36DC4 /* Roboto-Light.ttf in Resources */,
				BCFCCE12DBE64AB6A6262D76 /* Roboto-LightItalic.ttf in Resources */,
				86EB588ECE3A4850AFFD3D46 /* Roboto-Medium.ttf in Resources */,
				B9068EFA96404981B008CF66 /* Roboto-MediumItalic.ttf in Resources */,
				7063AA3E3F8740B19150CA87 /* Roboto-Regular.ttf in Resources */,
				4F1D5F257928487BA6E6D7CD /* Roboto-Thin.ttf in Resources */,
				51D20FFC27284D818CB42379 /* Roboto-ThinItalic.ttf in Resources */,
				649E122B3CBA458DBBF5CAE3 /* RobotoCondensed-Bold.ttf in Resources */,
				8E3FE5ABB5414811A991715A /* RobotoCondensed-BoldItalic.ttf in Resources */,
				8F9D4F26283649DDB740114B /* RobotoCondensed-Italic.ttf in Resources */,
				71A8FCF2E26B47A0A12B18CF /* RobotoCondensed-Light.ttf in Resources */,
				C3500DBF3A1949E580FDDFB3 /* RobotoCondensed-LightItalic.ttf in Resources */,
				E926EB1F6E64465895317E46 /* RobotoCondensed-Regular.ttf in Resources */,
				03D6EA34FFF34151A4AC0443 /* AntDesign.ttf in Resources */,
				CA0F7048EEE34B4FB7794BCB /* Entypo.ttf in Resources */,
				1887B07B1EC746C4982A6877 /* EvilIcons.ttf in Resources */,
				5D36E24EAC2741ABBB1E5A55 /* Feather.ttf in Resources */,
				CAADC770894F4DBEB7D18E43 /* FontAwesome.ttf in Resources */,
				3E82D1070D6B4E7CA98A3A34 /* FontAwesome5_Brands.ttf in Resources */,
				AB74EC4EF0744084BA82363B /* FontAwesome5_Regular.ttf in Resources */,
				D57AB346A66B423A9BE8A3FE /* FontAwesome5_Solid.ttf in Resources */,
				6F38FD5FFBE64AD4B42F77E0 /* Foundation.ttf in Resources */,
				6B9BBE21977B4E5CA3ADA895 /* Ionicons.ttf in Resources */,
				6CA64B00E2AC49E3B227F37F /* MaterialCommunityIcons.ttf in Resources */,
				A3E8458F5AE54302A87BC486 /* MaterialIcons.ttf in Resources */,
				E721DB466E5043DFB76CEE2B /* Octicons.ttf in Resources */,
				9EC23A69F982464282B47592 /* SimpleLineIcons.ttf in Resources */,
				29A0041E742846C9AA67B230 /* Zocial.ttf in Resources */,
			);
			runOnlyForDeploymentPostprocessing = 0;
		};
/* End PBXResourcesBuildPhase section */

/* Begin PBXShellScriptBuildPhase section */
		19D233B7204FDD7D0087ED51 /* Bundle Expo Assets */ = {
			isa = PBXShellScriptBuildPhase;
			buildActionMask = 2147483647;
			files = (
			);
			inputPaths = (
			);
			name = "Bundle Expo Assets";
			outputPaths = (
			);
			runOnlyForDeploymentPostprocessing = 0;
			shellPath = /bin/sh;
			shellScript = "set -eo pipefail\n\nif [ \"$CONFIGURATION\" == \"Debug\" ]; then\n  echo \"Skipping asset bundling in debug mode.\"\n  exit 0\nfi\n\npushd \"${SRCROOT}/..\"\nexport PATH=\"$(if [ -f ~/.expo/PATH ]; then echo $PATH:$(cat ~/.expo/PATH); else echo $PATH; fi)\"\ndest=\"$CONFIGURATION_BUILD_DIR/$UNLOCALIZED_RESOURCES_FOLDER_PATH\"\nexpo bundle-assets --platform ios --dest \"$dest\"\npopd\n";
		};
		23539343DCC44EF8449429EE /* [CP] Check Pods Manifest.lock */ = {
			isa = PBXShellScriptBuildPhase;
			buildActionMask = 2147483647;
			files = (
			);
			inputPaths = (
				"${PODS_PODFILE_DIR_PATH}/Podfile.lock",
				"${PODS_ROOT}/Manifest.lock",
			);
			name = "[CP] Check Pods Manifest.lock";
			outputPaths = (
				"$(DERIVED_FILE_DIR)/Pods-universe-checkManifestLockResult.txt",
			);
			runOnlyForDeploymentPostprocessing = 0;
			shellPath = /bin/sh;
			shellScript = "diff \"${PODS_PODFILE_DIR_PATH}/Podfile.lock\" \"${PODS_ROOT}/Manifest.lock\" > /dev/null\nif [ $? != 0 ] ; then\n    # print error to STDERR\n    echo \"error: The sandbox is not in sync with the Podfile.lock. Run 'pod install' or update your CocoaPods installation.\" >&2\n    exit 1\nfi\n# This output is used by Xcode 'outputs' to avoid re-running this script phase.\necho \"SUCCESS\" > \"${SCRIPT_OUTPUT_FILE_0}\"\n";
			showEnvVarsInLog = 0;
		};
		AA38385B7D8D0854176B72FC /* [CP] Copy Pods Resources */ = {
			isa = PBXShellScriptBuildPhase;
			buildActionMask = 2147483647;
			files = (
			);
			inputPaths = (
				"${SRCROOT}/Pods/Target Support Files/Pods-universe/Pods-universe-resources.sh",
				"${PODS_ROOT}/Amplitude-iOS/Amplitude/api.amplitude.com.der",
				"${PODS_ROOT}/Amplitude-iOS/Amplitude/ComodoCaLimitedRsaCertificationAuthority.der",
				"${PODS_ROOT}/Amplitude-iOS/Amplitude/ComodoRsaCA.der",
				"${PODS_ROOT}/Amplitude-iOS/Amplitude/ComodoRsaDomainValidationCA.der",
				"${PODS_ROOT}/FBSDKCoreKit/FacebookSDKStrings.bundle",
				"${PODS_ROOT}/GoogleMaps/Maps/Frameworks/GoogleMaps.framework/Resources/GoogleMaps.bundle",
				"${PODS_ROOT}/GoogleSignIn/Resources/GoogleSignIn.bundle",
				"${PODS_ROOT}/../../node_modules/react-native-vector-icons/Fonts/AntDesign.ttf",
				"${PODS_ROOT}/../../node_modules/react-native-vector-icons/Fonts/Entypo.ttf",
				"${PODS_ROOT}/../../node_modules/react-native-vector-icons/Fonts/EvilIcons.ttf",
				"${PODS_ROOT}/../../node_modules/react-native-vector-icons/Fonts/Feather.ttf",
				"${PODS_ROOT}/../../node_modules/react-native-vector-icons/Fonts/FontAwesome.ttf",
				"${PODS_ROOT}/../../node_modules/react-native-vector-icons/Fonts/FontAwesome5_Brands.ttf",
				"${PODS_ROOT}/../../node_modules/react-native-vector-icons/Fonts/FontAwesome5_Regular.ttf",
				"${PODS_ROOT}/../../node_modules/react-native-vector-icons/Fonts/FontAwesome5_Solid.ttf",
				"${PODS_ROOT}/../../node_modules/react-native-vector-icons/Fonts/Foundation.ttf",
				"${PODS_ROOT}/../../node_modules/react-native-vector-icons/Fonts/Ionicons.ttf",
				"${PODS_ROOT}/../../node_modules/react-native-vector-icons/Fonts/MaterialCommunityIcons.ttf",
				"${PODS_ROOT}/../../node_modules/react-native-vector-icons/Fonts/MaterialIcons.ttf",
				"${PODS_ROOT}/../../node_modules/react-native-vector-icons/Fonts/Octicons.ttf",
				"${PODS_ROOT}/../../node_modules/react-native-vector-icons/Fonts/SimpleLineIcons.ttf",
				"${PODS_ROOT}/../../node_modules/react-native-vector-icons/Fonts/Zocial.ttf",
			);
			name = "[CP] Copy Pods Resources";
			outputPaths = (
				"${TARGET_BUILD_DIR}/${UNLOCALIZED_RESOURCES_FOLDER_PATH}/api.amplitude.com.der",
				"${TARGET_BUILD_DIR}/${UNLOCALIZED_RESOURCES_FOLDER_PATH}/ComodoCaLimitedRsaCertificationAuthority.der",
				"${TARGET_BUILD_DIR}/${UNLOCALIZED_RESOURCES_FOLDER_PATH}/ComodoRsaCA.der",
				"${TARGET_BUILD_DIR}/${UNLOCALIZED_RESOURCES_FOLDER_PATH}/ComodoRsaDomainValidationCA.der",
				"${TARGET_BUILD_DIR}/${UNLOCALIZED_RESOURCES_FOLDER_PATH}/FacebookSDKStrings.bundle",
				"${TARGET_BUILD_DIR}/${UNLOCALIZED_RESOURCES_FOLDER_PATH}/GoogleMaps.bundle",
				"${TARGET_BUILD_DIR}/${UNLOCALIZED_RESOURCES_FOLDER_PATH}/GoogleSignIn.bundle",
				"${TARGET_BUILD_DIR}/${UNLOCALIZED_RESOURCES_FOLDER_PATH}/AntDesign.ttf",
				"${TARGET_BUILD_DIR}/${UNLOCALIZED_RESOURCES_FOLDER_PATH}/Entypo.ttf",
				"${TARGET_BUILD_DIR}/${UNLOCALIZED_RESOURCES_FOLDER_PATH}/EvilIcons.ttf",
				"${TARGET_BUILD_DIR}/${UNLOCALIZED_RESOURCES_FOLDER_PATH}/Feather.ttf",
				"${TARGET_BUILD_DIR}/${UNLOCALIZED_RESOURCES_FOLDER_PATH}/FontAwesome.ttf",
				"${TARGET_BUILD_DIR}/${UNLOCALIZED_RESOURCES_FOLDER_PATH}/FontAwesome5_Brands.ttf",
				"${TARGET_BUILD_DIR}/${UNLOCALIZED_RESOURCES_FOLDER_PATH}/FontAwesome5_Regular.ttf",
				"${TARGET_BUILD_DIR}/${UNLOCALIZED_RESOURCES_FOLDER_PATH}/FontAwesome5_Solid.ttf",
				"${TARGET_BUILD_DIR}/${UNLOCALIZED_RESOURCES_FOLDER_PATH}/Foundation.ttf",
				"${TARGET_BUILD_DIR}/${UNLOCALIZED_RESOURCES_FOLDER_PATH}/Ionicons.ttf",
				"${TARGET_BUILD_DIR}/${UNLOCALIZED_RESOURCES_FOLDER_PATH}/MaterialCommunityIcons.ttf",
				"${TARGET_BUILD_DIR}/${UNLOCALIZED_RESOURCES_FOLDER_PATH}/MaterialIcons.ttf",
				"${TARGET_BUILD_DIR}/${UNLOCALIZED_RESOURCES_FOLDER_PATH}/Octicons.ttf",
				"${TARGET_BUILD_DIR}/${UNLOCALIZED_RESOURCES_FOLDER_PATH}/SimpleLineIcons.ttf",
				"${TARGET_BUILD_DIR}/${UNLOCALIZED_RESOURCES_FOLDER_PATH}/Zocial.ttf",
			);
			runOnlyForDeploymentPostprocessing = 0;
			shellPath = /bin/sh;
			shellScript = "\"${SRCROOT}/Pods/Target Support Files/Pods-universe/Pods-universe-resources.sh\"\n";
			showEnvVarsInLog = 0;
		};
		B5722AD01DFB7E3F0084848F /* Prepare Expo */ = {
			isa = PBXShellScriptBuildPhase;
			buildActionMask = 2147483647;
			files = (
			);
			inputPaths = (
			);
			name = "Prepare Expo";
			outputPaths = (
			);
			runOnlyForDeploymentPostprocessing = 0;
			shellPath = /bin/bash;
			shellScript = "set -eo pipefail\n\npushd \"${SRCROOT}/..\"\nexport PATH=\"$(if [ -f ~/.expo/PATH ]; then echo $PATH:$(cat ~/.expo/PATH); else echo $PATH; fi)\"\nexpo prepare-detached-build --platform ios\npopd\n";
		};
/* End PBXShellScriptBuildPhase section */

/* Begin PBXSourcesBuildPhase section */
		B563863D1DB9693800A0598C /* Sources */ = {
			isa = PBXSourcesBuildPhase;
			buildActionMask = 2147483647;
			files = (
				B56386611DB96A5E00A0598C /* main.m in Sources */,
				B56386491DB9693800A0598C /* AppDelegate.m in Sources */,
			);
			runOnlyForDeploymentPostprocessing = 0;
		};
/* End PBXSourcesBuildPhase section */

/* Begin XCBuildConfiguration section */
		B56386561DB9693800A0598C /* Debug */ = {
			isa = XCBuildConfiguration;
			buildSettings = {
				ALWAYS_SEARCH_USER_PATHS = NO;
				CLANG_ANALYZER_NONNULL = YES;
				CLANG_CXX_LANGUAGE_STANDARD = "gnu++0x";
				CLANG_CXX_LIBRARY = "libc++";
				CLANG_ENABLE_MODULES = YES;
				CLANG_ENABLE_OBJC_ARC = YES;
				CLANG_WARN_BLOCK_CAPTURE_AUTORELEASING = YES;
				CLANG_WARN_BOOL_CONVERSION = YES;
				CLANG_WARN_COMMA = YES;
				CLANG_WARN_CONSTANT_CONVERSION = YES;
				CLANG_WARN_DIRECT_OBJC_ISA_USAGE = YES_ERROR;
				CLANG_WARN_DOCUMENTATION_COMMENTS = YES;
				CLANG_WARN_EMPTY_BODY = YES;
				CLANG_WARN_ENUM_CONVERSION = YES;
				CLANG_WARN_INFINITE_RECURSION = YES;
				CLANG_WARN_INT_CONVERSION = YES;
				CLANG_WARN_NON_LITERAL_NULL_CONVERSION = YES;
				CLANG_WARN_OBJC_LITERAL_CONVERSION = YES;
				CLANG_WARN_OBJC_ROOT_CLASS = YES_ERROR;
				CLANG_WARN_RANGE_LOOP_ANALYSIS = YES;
				CLANG_WARN_STRICT_PROTOTYPES = YES;
				CLANG_WARN_SUSPICIOUS_MOVE = YES;
				CLANG_WARN_SUSPICIOUS_MOVES = YES;
				CLANG_WARN_UNREACHABLE_CODE = YES;
				CLANG_WARN__DUPLICATE_METHOD_MATCH = YES;
				"CODE_SIGN_IDENTITY[sdk=iphoneos*]" = "iPhone Developer";
				COPY_PHASE_STRIP = NO;
				DEBUG_INFORMATION_FORMAT = dwarf;
				ENABLE_STRICT_OBJC_MSGSEND = YES;
				ENABLE_TESTABILITY = YES;
				GCC_C_LANGUAGE_STANDARD = gnu99;
				GCC_DYNAMIC_NO_PIC = NO;
				GCC_NO_COMMON_BLOCKS = YES;
				GCC_OPTIMIZATION_LEVEL = 0;
				GCC_PREPROCESSOR_DEFINITIONS = (
					"DEBUG=1",
					"$(inherited)",
				);
				GCC_WARN_64_TO_32_BIT_CONVERSION = YES;
				GCC_WARN_ABOUT_RETURN_TYPE = YES_ERROR;
				GCC_WARN_UNDECLARED_SELECTOR = YES;
				GCC_WARN_UNINITIALIZED_AUTOS = YES_AGGRESSIVE;
				GCC_WARN_UNUSED_FUNCTION = YES;
				GCC_WARN_UNUSED_VARIABLE = YES;
				IPHONEOS_DEPLOYMENT_TARGET = 10.0;
				MTL_ENABLE_DEBUG_INFO = YES;
				ONLY_ACTIVE_ARCH = YES;
				SDKROOT = iphoneos;
			};
			name = Debug;
		};
		B56386571DB9693800A0598C /* Release */ = {
			isa = XCBuildConfiguration;
			buildSettings = {
				ALWAYS_SEARCH_USER_PATHS = NO;
				CLANG_ANALYZER_NONNULL = YES;
				CLANG_CXX_LANGUAGE_STANDARD = "gnu++0x";
				CLANG_CXX_LIBRARY = "libc++";
				CLANG_ENABLE_MODULES = YES;
				CLANG_ENABLE_OBJC_ARC = YES;
				CLANG_WARN_BLOCK_CAPTURE_AUTORELEASING = YES;
				CLANG_WARN_BOOL_CONVERSION = YES;
				CLANG_WARN_COMMA = YES;
				CLANG_WARN_CONSTANT_CONVERSION = YES;
				CLANG_WARN_DIRECT_OBJC_ISA_USAGE = YES_ERROR;
				CLANG_WARN_DOCUMENTATION_COMMENTS = YES;
				CLANG_WARN_EMPTY_BODY = YES;
				CLANG_WARN_ENUM_CONVERSION = YES;
				CLANG_WARN_INFINITE_RECURSION = YES;
				CLANG_WARN_INT_CONVERSION = YES;
				CLANG_WARN_NON_LITERAL_NULL_CONVERSION = YES;
				CLANG_WARN_OBJC_LITERAL_CONVERSION = YES;
				CLANG_WARN_OBJC_ROOT_CLASS = YES_ERROR;
				CLANG_WARN_RANGE_LOOP_ANALYSIS = YES;
				CLANG_WARN_STRICT_PROTOTYPES = YES;
				CLANG_WARN_SUSPICIOUS_MOVE = YES;
				CLANG_WARN_SUSPICIOUS_MOVES = YES;
				CLANG_WARN_UNREACHABLE_CODE = YES;
				CLANG_WARN__DUPLICATE_METHOD_MATCH = YES;
				"CODE_SIGN_IDENTITY[sdk=iphoneos*]" = "iPhone Developer";
				COPY_PHASE_STRIP = NO;
				DEBUG_INFORMATION_FORMAT = "dwarf-with-dsym";
				ENABLE_NS_ASSERTIONS = NO;
				ENABLE_STRICT_OBJC_MSGSEND = YES;
				GCC_C_LANGUAGE_STANDARD = gnu99;
				GCC_NO_COMMON_BLOCKS = YES;
				GCC_WARN_64_TO_32_BIT_CONVERSION = YES;
				GCC_WARN_ABOUT_RETURN_TYPE = YES_ERROR;
				GCC_WARN_UNDECLARED_SELECTOR = YES;
				GCC_WARN_UNINITIALIZED_AUTOS = YES_AGGRESSIVE;
				GCC_WARN_UNUSED_FUNCTION = YES;
				GCC_WARN_UNUSED_VARIABLE = YES;
				IPHONEOS_DEPLOYMENT_TARGET = 10.0;
				MTL_ENABLE_DEBUG_INFO = NO;
				SDKROOT = iphoneos;
				VALIDATE_PRODUCT = YES;
			};
			name = Release;
		};
		B56386591DB9693800A0598C /* Debug */ = {
			isa = XCBuildConfiguration;
			baseConfigurationReference = 2C1548D9E4CB1AEFA5CCAE6D /* Pods-universe.debug.xcconfig */;
			buildSettings = {
				ASSETCATALOG_COMPILER_APPICON_NAME = AppIcon;
				DEVELOPMENT_TEAM = U28URW9S3B;
				INFOPLIST_FILE = "$(SRCROOT)/universe/Supporting/Info.plist";
				IPHONEOS_DEPLOYMENT_TARGET = 12.1;
				LD_RUNPATH_SEARCH_PATHS = "$(inherited) @executable_path/Frameworks";
				LIBRARY_SEARCH_PATHS = (
					"$(inherited)",
					"\"$(SRCROOT)/$(TARGET_NAME)\"",
					"\"$(SRCROOT)/$(TARGET_NAME)\"",
					"\"$(SRCROOT)/$(TARGET_NAME)\"",
				);
				PRODUCT_BUNDLE_IDENTIFIER = team.amigo.media;
				PRODUCT_NAME = "$(TARGET_NAME)";
				TARGETED_DEVICE_FAMILY = "1,2";
			};
			name = Debug;
		};
		B563865A1DB9693800A0598C /* Release */ = {
			isa = XCBuildConfiguration;
			baseConfigurationReference = A47FE4D7F70906B7DC8CE39B /* Pods-universe.release.xcconfig */;
			buildSettings = {
				ASSETCATALOG_COMPILER_APPICON_NAME = AppIcon;
				DEVELOPMENT_TEAM = U28URW9S3B;
				INFOPLIST_FILE = "$(SRCROOT)/universe/Supporting/Info.plist";
				IPHONEOS_DEPLOYMENT_TARGET = 12.1;
				LD_RUNPATH_SEARCH_PATHS = "$(inherited) @executable_path/Frameworks";
				LIBRARY_SEARCH_PATHS = (
					"$(inherited)",
					"\"$(SRCROOT)/$(TARGET_NAME)\"",
					"\"$(SRCROOT)/$(TARGET_NAME)\"",
					"\"$(SRCROOT)/$(TARGET_NAME)\"",
				);
				PRODUCT_BUNDLE_IDENTIFIER = team.amigo.media;
				PRODUCT_NAME = "$(TARGET_NAME)";
				TARGETED_DEVICE_FAMILY = "1,2";
			};
			name = Release;
		};
/* End XCBuildConfiguration section */

/* Begin XCConfigurationList section */
		B563863C1DB9693800A0598C /* Build configuration list for PBXProject "universe" */ = {
			isa = XCConfigurationList;
			buildConfigurations = (
				B56386561DB9693800A0598C /* Debug */,
				B56386571DB9693800A0598C /* Release */,
			);
			defaultConfigurationIsVisible = 0;
			defaultConfigurationName = Release;
		};
		B56386581DB9693800A0598C /* Build configuration list for PBXNativeTarget "universe" */ = {
			isa = XCConfigurationList;
			buildConfigurations = (
				B56386591DB9693800A0598C /* Debug */,
				B563865A1DB9693800A0598C /* Release */,
			);
			defaultConfigurationIsVisible = 0;
			defaultConfigurationName = Release;
		};
/* End XCConfigurationList section */
	};
	rootObject = B56386391DB9693800A0598C /* Project object */;
}
