// !$*UTF8*$!
{
	archiveVersion = 1;
	classes = {
	};
	objectVersion = 46;
	objects = {
/* Begin PBXBuildFile section */
		0652DB49F4884362B14C6A01 /* Roboto-Thin.ttf in Resources */ = {isa = PBXBuildFile; fileRef = EEE54E280759439EA65B652D /* Roboto-Thin.ttf */; };
		0F1EDAC12D954FEB815BC498 /* Zocial.ttf in Resources */ = {isa = PBXBuildFile; fileRef = E1DBF42B629D4E29BFE0EA5C /* Zocial.ttf */; };
		2E2A1D45A4194DEC9D5F2377 /* EvilIcons.ttf in Resources */ = {isa = PBXBuildFile; fileRef = 321C3BBFE0E6417F98462DBC /* EvilIcons.ttf */; };
		3024DAD8151D4B7E95FEE6BF /* MaterialCommunityIcons.ttf in Resources */ = {isa = PBXBuildFile; fileRef = BA490C44FF23427FBCE42DFD /* MaterialCommunityIcons.ttf */; };
		315835B50A8B4EEA9F32239B /* RobotoCondensed-Bold.ttf in Resources */ = {isa = PBXBuildFile; fileRef = 17CE8BEB026E4DC3B47DF562 /* RobotoCondensed-Bold.ttf */; };
		35BB0393792943C68BAC4E13 /* vincHand.ttf in Resources */ = {isa = PBXBuildFile; fileRef = 97BA0918C5C649F4A01754E7 /* vincHand.ttf */; };
		3AFB4ABF01F04E308FF81EB7 /* Roboto-Medium.ttf in Resources */ = {isa = PBXBuildFile; fileRef = CE16FC3CC69944019FCD716E /* Roboto-Medium.ttf */; };
		3EBD4C56DCB542D6A3D9EBD6 /* Feather.ttf in Resources */ = {isa = PBXBuildFile; fileRef = 5FBF7E9168B249B2835219E4 /* Feather.ttf */; };
		41FE56A927E24F09A7E70CC9 /* RobotoCondensed-Italic.ttf in Resources */ = {isa = PBXBuildFile; fileRef = 277D502FD985437B8E833877 /* RobotoCondensed-Italic.ttf */; };
		4DD82909F7274DC6B67EF494 /* Roboto-Bold.ttf in Resources */ = {isa = PBXBuildFile; fileRef = F75F017BAE3B479F92496BAE /* Roboto-Bold.ttf */; };
		503F7FB088D44319BAFEED25 /* RobotoCondensed-Regular.ttf in Resources */ = {isa = PBXBuildFile; fileRef = 9CFA54A2E03247619119A86A /* RobotoCondensed-Regular.ttf */; };
		56E6A5931866406AA8610358 /* Roboto-Italic.ttf in Resources */ = {isa = PBXBuildFile; fileRef = 853C414080A04BA082DBF7CA /* Roboto-Italic.ttf */; };
		58866359E19F49E9AAE81B12 /* MaterialIcons.ttf in Resources */ = {isa = PBXBuildFile; fileRef = 9CEF45E5BE3E4C75936F0828 /* MaterialIcons.ttf */; };
		65918D5F63874731B4B16DDA /* libAutoGrowTextInput.a in Frameworks */ = {isa = PBXBuildFile; fileRef = 7683E2761A2942B7ACBD6BE0 /* libAutoGrowTextInput.a */; };
		6CA4BF2FACE940F4A6DCD005 /* Entypo.ttf in Resources */ = {isa = PBXBuildFile; fileRef = BBBF595A42CD4C81B1267865 /* Entypo.ttf */; };
		6ECF65E8121241D491B9C732 /* Roboto-LightItalic.ttf in Resources */ = {isa = PBXBuildFile; fileRef = E8972B5676814920A4D86091 /* Roboto-LightItalic.ttf */; };
		78DDDA765B7B465D9E7E5753 /* FontAwesome5_Solid.ttf in Resources */ = {isa = PBXBuildFile; fileRef = 5AF9E90BF71C48C5AA5CFA41 /* FontAwesome5_Solid.ttf */; };
		79912588536C4459936BAC20 /* RobotoCondensed-LightItalic.ttf in Resources */ = {isa = PBXBuildFile; fileRef = F5DA3BCDC0DF497DABBDC1FD /* RobotoCondensed-LightItalic.ttf */; };
		806EBE683C7B4741AE9A77B6 /* Ionicons.ttf in Resources */ = {isa = PBXBuildFile; fileRef = F123E4C49D274BC7AC9CFEFE /* Ionicons.ttf */; };
		8F96BAC00A3C4C0E9E070BD5 /* Roboto-ThinItalic.ttf in Resources */ = {isa = PBXBuildFile; fileRef = 732C2E8A5B24478385200070 /* Roboto-ThinItalic.ttf */; };
		92EDA488A9564911858A567E /* Roboto-BlackItalic.ttf in Resources */ = {isa = PBXBuildFile; fileRef = 15517523C66847279F831E67 /* Roboto-BlackItalic.ttf */; };
		994D3C0A85824AF283707218 /* RobotoCondensed-BoldItalic.ttf in Resources */ = {isa = PBXBuildFile; fileRef = 09F6E1F3BB024BA8BB8CB334 /* RobotoCondensed-BoldItalic.ttf */; };
		9A04331E528B45D2B11C64B1 /* FontAwesome.ttf in Resources */ = {isa = PBXBuildFile; fileRef = B08FCD1AE8C44D0AB1C1C6B9 /* FontAwesome.ttf */; };
		A770E76397FB47009D9F8FA2 /* Roboto-BoldItalic.ttf in Resources */ = {isa = PBXBuildFile; fileRef = 6569E2198CD84205A03A0A6D /* Roboto-BoldItalic.ttf */; };
		B501732B1DC01252003445D9 /* EXShell.plist in Resources */ = {isa = PBXBuildFile; fileRef = B501732A1DC01252003445D9 /* EXShell.plist */; };
		B56386491DB9693800A0598C /* AppDelegate.m in Sources */ = {isa = PBXBuildFile; fileRef = B56386481DB9693800A0598C /* AppDelegate.m */; };
		B56386511DB9693800A0598C /* Assets.xcassets in Resources */ = {isa = PBXBuildFile; fileRef = B56386501DB9693800A0598C /* Assets.xcassets */; };
		B56386611DB96A5E00A0598C /* main.m in Sources */ = {isa = PBXBuildFile; fileRef = B563865E1DB96A5E00A0598C /* main.m */; };
		B56386671DB9994300A0598C /* EXSDKVersions.plist in Resources */ = {isa = PBXBuildFile; fileRef = B56386661DB9994300A0598C /* EXSDKVersions.plist */; };
		B5693E921FABD46800307FA4 /* launch_icon.png in Resources */ = {isa = PBXBuildFile; fileRef = B5693E901FABD46800307FA4 /* launch_icon.png */; };
		B5CFBF4F1EDE419400B4BE24 /* EXBuildConstants.plist in Resources */ = {isa = PBXBuildFile; fileRef = B5CFBF4E1EDE419400B4BE24 /* EXBuildConstants.plist */; };
		B5DB04801F3A684600E91581 /* shell-app-manifest.json in Resources */ = {isa = PBXBuildFile; fileRef = B5DB047E1F3A684600E91581 /* shell-app-manifest.json */; };
		B5DB04811F3A684600E91581 /* shell-app.bundle in Resources */ = {isa = PBXBuildFile; fileRef = B5DB047F1F3A684600E91581 /* shell-app.bundle */; };
		BC20192D968F46F68A3D07E3 /* Roboto-Black.ttf in Resources */ = {isa = PBXBuildFile; fileRef = AA7568AD268C4F9996EE5C97 /* Roboto-Black.ttf */; };
		BCDFEC9C7C314BD7817483DC /* RobotoCondensed-Light.ttf in Resources */ = {isa = PBXBuildFile; fileRef = 311C95F342854857A8007047 /* RobotoCondensed-Light.ttf */; };
		C42AEB1996DC4D26822FBFD1 /* AntDesign.ttf in Resources */ = {isa = PBXBuildFile; fileRef = C69ABD85F8A846CB9F1A674C /* AntDesign.ttf */; };
		D5E213D765284371802CF0E0 /* SimpleLineIcons.ttf in Resources */ = {isa = PBXBuildFile; fileRef = FBB8748D8DDD4ED6B03A5876 /* SimpleLineIcons.ttf */; };
		D7378318E5B94948A55398CD /* VINCHAND.ttf in Resources */ = {isa = PBXBuildFile; fileRef = 03C0353D760746319731D190 /* VINCHAND.ttf */; };
		D8FB5DE015AE435DB59A0590 /* Roboto-Light.ttf in Resources */ = {isa = PBXBuildFile; fileRef = 2C7AB4C910F945D4B6FF9CBA /* Roboto-Light.ttf */; };
		DF0DAE8C70034B0B86A3238F /* Octicons.ttf in Resources */ = {isa = PBXBuildFile; fileRef = 98D5EA0D17E24B13B71DE316 /* Octicons.ttf */; };
		DF4DB63546AE4F07863DCCB7 /* FontAwesome5_Brands.ttf in Resources */ = {isa = PBXBuildFile; fileRef = A2CEFD79C2074615929C6D24 /* FontAwesome5_Brands.ttf */; };
		E75CE3B358C743AC91EAF9D2 /* Roboto-MediumItalic.ttf in Resources */ = {isa = PBXBuildFile; fileRef = F663E950294B4D3AB7C55E70 /* Roboto-MediumItalic.ttf */; };
		EB8221103FC04E1396771EDF /* FontAwesome5_Regular.ttf in Resources */ = {isa = PBXBuildFile; fileRef = 4973040646D54CB782E0185A /* FontAwesome5_Regular.ttf */; };
		EBB8117C1BFA0514F79CAF74 /* libPods-universes-mobile.a in Frameworks */ = {isa = PBXBuildFile; fileRef = C4A88D15726AD99E8A257BC7 /* libPods-universes-mobile.a */; };
		F6DFCDE2AD9844218A171EFD /* Roboto-Regular.ttf in Resources */ = {isa = PBXBuildFile; fileRef = 2577E4CA86D24D77AEC69130 /* Roboto-Regular.ttf */; };
		FE81D867DF9D4143BE1E9E66 /* Foundation.ttf in Resources */ = {isa = PBXBuildFile; fileRef = B330063F0E3F4F008B351765 /* Foundation.ttf */; };
		88E2CF1DD12F4A959957A660 /* libReactNativeConfig.a in Frameworks */ = {isa = PBXBuildFile; fileRef = 3428C97CE426431EB0BE8FE2 /* libReactNativeConfig.a */; };
		B893FA12FA9B4EB8AD23D327 /* AntDesign.ttf in Resources */ = {isa = PBXBuildFile; fileRef = 171BE7A0B66847358FB61CF4 /* AntDesign.ttf */; };
		CB1436CAB21B40028E5C156A /* Entypo.ttf in Resources */ = {isa = PBXBuildFile; fileRef = 2514BF93D66846FCAFC1B8DD /* Entypo.ttf */; };
		3D98D2AD6D2245B99968D5AC /* EvilIcons.ttf in Resources */ = {isa = PBXBuildFile; fileRef = E30EBEE2192147F9B2D0A54D /* EvilIcons.ttf */; };
		C531929FEFCC4A5DAABFA898 /* Feather.ttf in Resources */ = {isa = PBXBuildFile; fileRef = 75E24ED02E944D809A6C528A /* Feather.ttf */; };
		FAFC61DC196644968D2253D0 /* FontAwesome.ttf in Resources */ = {isa = PBXBuildFile; fileRef = 86BC01192A31444E9BD3E135 /* FontAwesome.ttf */; };
		AA67480097DE440FB4618D18 /* FontAwesome5_Brands.ttf in Resources */ = {isa = PBXBuildFile; fileRef = D2385B6E519145438C7E51BE /* FontAwesome5_Brands.ttf */; };
		F92CC6C0B4AD4B42A43FBF67 /* FontAwesome5_Regular.ttf in Resources */ = {isa = PBXBuildFile; fileRef = ED8CFA43DA4743059CF93BFB /* FontAwesome5_Regular.ttf */; };
		D3C0DB4CCED546A6A278AA09 /* FontAwesome5_Solid.ttf in Resources */ = {isa = PBXBuildFile; fileRef = B1EBACCCA663433BAD077639 /* FontAwesome5_Solid.ttf */; };
		4EE4A04986664FEEBE099F36 /* Foundation.ttf in Resources */ = {isa = PBXBuildFile; fileRef = 113418A9872C4D88B90B7733 /* Foundation.ttf */; };
		FD878D1260804101BB7DBB1C /* Ionicons.ttf in Resources */ = {isa = PBXBuildFile; fileRef = 550F84A0AA0744B59BB1C4B4 /* Ionicons.ttf */; };
		3ACDBE98052746688AD87FD7 /* MaterialCommunityIcons.ttf in Resources */ = {isa = PBXBuildFile; fileRef = C927FB68E6174CC9AFBA38B5 /* MaterialCommunityIcons.ttf */; };
		9991CA30561F49F98EEDE6D0 /* MaterialIcons.ttf in Resources */ = {isa = PBXBuildFile; fileRef = 5D724F73D56A47D7BAAE9094 /* MaterialIcons.ttf */; };
		6849B2FC947B41619FA7BF5A /* Octicons.ttf in Resources */ = {isa = PBXBuildFile; fileRef = F89E2C30E7C94B46B666F24E /* Octicons.ttf */; };
		D448E0226F704A028BDE256C /* SimpleLineIcons.ttf in Resources */ = {isa = PBXBuildFile; fileRef = 2D8CCA29608645B99A27BF65 /* SimpleLineIcons.ttf */; };
		16A0FB9025B54E3E9CED9186 /* Zocial.ttf in Resources */ = {isa = PBXBuildFile; fileRef = A2FBB60F3CD64133A885F24B /* Zocial.ttf */; };
/* End PBXBuildFile section */

/* Begin PBXContainerItemProxy section */
		84C5FAED2248CE34006E5B96 /* PBXContainerItemProxy */ = {
			isa = PBXContainerItemProxy;
			containerPortal = 04629395A684409CB1D819B2 /* AutoGrowTextInput.xcodeproj */;
			proxyType = 2;
			remoteGlobalIDString = D81C36501CDB667F00777FB9;
			remoteInfo = AutoGrowTextInput;
		};
/* End PBXContainerItemProxy section */

/* Begin PBXFileReference section */
		03C0353D760746319731D190 /* VINCHAND.ttf */ = {isa = PBXFileReference; explicitFileType = undefined; fileEncoding = 9; includeInIndex = 0; lastKnownFileType = unknown; name = VINCHAND.ttf; path = ../assets/fonts/VINCHAND.ttf; sourceTree = "<group>"; };
		04629395A684409CB1D819B2 /* AutoGrowTextInput.xcodeproj */ = {isa = PBXFileReference; explicitFileType = undefined; fileEncoding = 9; includeInIndex = 0; lastKnownFileType = "wrapper.pb-project"; name = AutoGrowTextInput.xcodeproj; path = ".react-native-autogrow-textinput/ios/AutoGrowTextInput.xcodeproj"; sourceTree = "<group>"; };
		09F6E1F3BB024BA8BB8CB334 /* RobotoCondensed-BoldItalic.ttf */ = {isa = PBXFileReference; explicitFileType = undefined; fileEncoding = 9; includeInIndex = 0; lastKnownFileType = unknown; name = "RobotoCondensed-BoldItalic.ttf"; path = "../assets/fonts/RobotoCondensed-BoldItalic.ttf"; sourceTree = "<group>"; };
		15517523C66847279F831E67 /* Roboto-BlackItalic.ttf */ = {isa = PBXFileReference; explicitFileType = undefined; fileEncoding = 9; includeInIndex = 0; lastKnownFileType = unknown; name = "Roboto-BlackItalic.ttf"; path = "../assets/fonts/Roboto-BlackItalic.ttf"; sourceTree = "<group>"; };
		17CE8BEB026E4DC3B47DF562 /* RobotoCondensed-Bold.ttf */ = {isa = PBXFileReference; explicitFileType = undefined; fileEncoding = 9; includeInIndex = 0; lastKnownFileType = unknown; name = "RobotoCondensed-Bold.ttf"; path = "../assets/fonts/RobotoCondensed-Bold.ttf"; sourceTree = "<group>"; };
		2577E4CA86D24D77AEC69130 /* Roboto-Regular.ttf */ = {isa = PBXFileReference; explicitFileType = undefined; fileEncoding = 9; includeInIndex = 0; lastKnownFileType = unknown; name = "Roboto-Regular.ttf"; path = "../assets/fonts/Roboto-Regular.ttf"; sourceTree = "<group>"; };
		277D502FD985437B8E833877 /* RobotoCondensed-Italic.ttf */ = {isa = PBXFileReference; explicitFileType = undefined; fileEncoding = 9; includeInIndex = 0; lastKnownFileType = unknown; name = "RobotoCondensed-Italic.ttf"; path = "../assets/fonts/RobotoCondensed-Italic.ttf"; sourceTree = "<group>"; };
		2C1548D9E4CB1AEFA5CCAE6D /* Pods-universes-mobile.debug.xcconfig */ = {isa = PBXFileReference; includeInIndex = 1; lastKnownFileType = text.xcconfig; name = "Pods-universes-mobile.debug.xcconfig"; path = "Pods/Target Support Files/Pods-universes-mobile/Pods-universes-mobile.debug.xcconfig"; sourceTree = "<group>"; };
		2C7AB4C910F945D4B6FF9CBA /* Roboto-Light.ttf */ = {isa = PBXFileReference; explicitFileType = undefined; fileEncoding = 9; includeInIndex = 0; lastKnownFileType = unknown; name = "Roboto-Light.ttf"; path = "../assets/fonts/Roboto-Light.ttf"; sourceTree = "<group>"; };
		311C95F342854857A8007047 /* RobotoCondensed-Light.ttf */ = {isa = PBXFileReference; explicitFileType = undefined; fileEncoding = 9; includeInIndex = 0; lastKnownFileType = unknown; name = "RobotoCondensed-Light.ttf"; path = "../assets/fonts/RobotoCondensed-Light.ttf"; sourceTree = "<group>"; };
		321C3BBFE0E6417F98462DBC /* EvilIcons.ttf */ = {isa = PBXFileReference; explicitFileType = undefined; fileEncoding = 9; includeInIndex = 0; lastKnownFileType = unknown; name = EvilIcons.ttf; path = ".react-native-vector-icons/Fonts/EvilIcons.ttf"; sourceTree = "<group>"; };
		4973040646D54CB782E0185A /* FontAwesome5_Regular.ttf */ = {isa = PBXFileReference; explicitFileType = undefined; fileEncoding = 9; includeInIndex = 0; lastKnownFileType = unknown; name = FontAwesome5_Regular.ttf; path = ".react-native-vector-icons/Fonts/FontAwesome5_Regular.ttf"; sourceTree = "<group>"; };
		5AF9E90BF71C48C5AA5CFA41 /* FontAwesome5_Solid.ttf */ = {isa = PBXFileReference; explicitFileType = undefined; fileEncoding = 9; includeInIndex = 0; lastKnownFileType = unknown; name = FontAwesome5_Solid.ttf; path = ".react-native-vector-icons/Fonts/FontAwesome5_Solid.ttf"; sourceTree = "<group>"; };
		5FBF7E9168B249B2835219E4 /* Feather.ttf */ = {isa = PBXFileReference; explicitFileType = undefined; fileEncoding = 9; includeInIndex = 0; lastKnownFileType = unknown; name = Feather.ttf; path = ".react-native-vector-icons/Fonts/Feather.ttf"; sourceTree = "<group>"; };
		6569E2198CD84205A03A0A6D /* Roboto-BoldItalic.ttf */ = {isa = PBXFileReference; explicitFileType = undefined; fileEncoding = 9; includeInIndex = 0; lastKnownFileType = unknown; name = "Roboto-BoldItalic.ttf"; path = "../assets/fonts/Roboto-BoldItalic.ttf"; sourceTree = "<group>"; };
		732C2E8A5B24478385200070 /* Roboto-ThinItalic.ttf */ = {isa = PBXFileReference; explicitFileType = undefined; fileEncoding = 9; includeInIndex = 0; lastKnownFileType = unknown; name = "Roboto-ThinItalic.ttf"; path = "../assets/fonts/Roboto-ThinItalic.ttf"; sourceTree = "<group>"; };
		7683E2761A2942B7ACBD6BE0 /* libAutoGrowTextInput.a */ = {isa = PBXFileReference; explicitFileType = undefined; fileEncoding = 9; includeInIndex = 0; lastKnownFileType = archive.ar; path = libAutoGrowTextInput.a; sourceTree = "<group>"; };
		853C414080A04BA082DBF7CA /* Roboto-Italic.ttf */ = {isa = PBXFileReference; explicitFileType = undefined; fileEncoding = 9; includeInIndex = 0; lastKnownFileType = unknown; name = "Roboto-Italic.ttf"; path = "../assets/fonts/Roboto-Italic.ttf"; sourceTree = "<group>"; };
		97BA0918C5C649F4A01754E7 /* vincHand.ttf */ = {isa = PBXFileReference; explicitFileType = undefined; fileEncoding = 9; includeInIndex = 0; lastKnownFileType = unknown; name = vincHand.ttf; path = ../assets/fonts/vincHand.ttf; sourceTree = "<group>"; };
		98D5EA0D17E24B13B71DE316 /* Octicons.ttf */ = {isa = PBXFileReference; explicitFileType = undefined; fileEncoding = 9; includeInIndex = 0; lastKnownFileType = unknown; name = Octicons.ttf; path = ".react-native-vector-icons/Fonts/Octicons.ttf"; sourceTree = "<group>"; };
		9CEF45E5BE3E4C75936F0828 /* MaterialIcons.ttf */ = {isa = PBXFileReference; explicitFileType = undefined; fileEncoding = 9; includeInIndex = 0; lastKnownFileType = unknown; name = MaterialIcons.ttf; path = ".react-native-vector-icons/Fonts/MaterialIcons.ttf"; sourceTree = "<group>"; };
		9CFA54A2E03247619119A86A /* RobotoCondensed-Regular.ttf */ = {isa = PBXFileReference; explicitFileType = undefined; fileEncoding = 9; includeInIndex = 0; lastKnownFileType = unknown; name = "RobotoCondensed-Regular.ttf"; path = "../assets/fonts/RobotoCondensed-Regular.ttf"; sourceTree = "<group>"; };
		A2CEFD79C2074615929C6D24 /* FontAwesome5_Brands.ttf */ = {isa = PBXFileReference; explicitFileType = undefined; fileEncoding = 9; includeInIndex = 0; lastKnownFileType = unknown; name = FontAwesome5_Brands.ttf; path = ".react-native-vector-icons/Fonts/FontAwesome5_Brands.ttf"; sourceTree = "<group>"; };
		A47FE4D7F70906B7DC8CE39B /* Pods-universes-mobile.release.xcconfig */ = {isa = PBXFileReference; includeInIndex = 1; lastKnownFileType = text.xcconfig; name = "Pods-universes-mobile.release.xcconfig"; path = "Pods/Target Support Files/Pods-universes-mobile/Pods-universes-mobile.release.xcconfig"; sourceTree = "<group>"; };
		AA7568AD268C4F9996EE5C97 /* Roboto-Black.ttf */ = {isa = PBXFileReference; explicitFileType = undefined; fileEncoding = 9; includeInIndex = 0; lastKnownFileType = unknown; name = "Roboto-Black.ttf"; path = "../assets/fonts/Roboto-Black.ttf"; sourceTree = "<group>"; };
		B08FCD1AE8C44D0AB1C1C6B9 /* FontAwesome.ttf */ = {isa = PBXFileReference; explicitFileType = undefined; fileEncoding = 9; includeInIndex = 0; lastKnownFileType = unknown; name = FontAwesome.ttf; path = ".react-native-vector-icons/Fonts/FontAwesome.ttf"; sourceTree = "<group>"; };
		B330063F0E3F4F008B351765 /* Foundation.ttf */ = {isa = PBXFileReference; explicitFileType = undefined; fileEncoding = 9; includeInIndex = 0; lastKnownFileType = unknown; name = Foundation.ttf; path = ".react-native-vector-icons/Fonts/Foundation.ttf"; sourceTree = "<group>"; };
		B501732A1DC01252003445D9 /* EXShell.plist */ = {isa = PBXFileReference; fileEncoding = 4; lastKnownFileType = text.plist.xml; path = EXShell.plist; sourceTree = "<group>"; };
		B56386411DB9693800A0598C /* universes-mobile.app */ = {isa = PBXFileReference; explicitFileType = wrapper.application; includeInIndex = 0; path = "universes-mobile.app"; sourceTree = BUILT_PRODUCTS_DIR; };
		B56386471DB9693800A0598C /* AppDelegate.h */ = {isa = PBXFileReference; lastKnownFileType = sourcecode.c.h; path = AppDelegate.h; sourceTree = "<group>"; };
		B56386481DB9693800A0598C /* AppDelegate.m */ = {isa = PBXFileReference; lastKnownFileType = sourcecode.c.objc; path = AppDelegate.m; sourceTree = "<group>"; };
		B56386501DB9693800A0598C /* Assets.xcassets */ = {isa = PBXFileReference; lastKnownFileType = folder.assetcatalog; path = Assets.xcassets; sourceTree = "<group>"; };
		B563865C1DB96A5E00A0598C /* Info.plist */ = {isa = PBXFileReference; fileEncoding = 4; lastKnownFileType = text.plist.xml; path = Info.plist; sourceTree = "<group>"; };
		B563865E1DB96A5E00A0598C /* main.m */ = {isa = PBXFileReference; fileEncoding = 4; lastKnownFileType = sourcecode.c.objc; path = main.m; sourceTree = "<group>"; };
		B56386661DB9994300A0598C /* EXSDKVersions.plist */ = {isa = PBXFileReference; fileEncoding = 4; lastKnownFileType = text.plist.xml; path = EXSDKVersions.plist; sourceTree = "<group>"; };
		B5693E901FABD46800307FA4 /* launch_icon.png */ = {isa = PBXFileReference; lastKnownFileType = image.png; path = launch_icon.png; sourceTree = "<group>"; };
		B5CFBF4E1EDE419400B4BE24 /* EXBuildConstants.plist */ = {isa = PBXFileReference; fileEncoding = 4; lastKnownFileType = text.plist.xml; path = EXBuildConstants.plist; sourceTree = "<group>"; };
		B5DB047E1F3A684600E91581 /* shell-app-manifest.json */ = {isa = PBXFileReference; fileEncoding = 4; lastKnownFileType = text.json; path = "shell-app-manifest.json"; sourceTree = "<group>"; };
		B5DB047F1F3A684600E91581 /* shell-app.bundle */ = {isa = PBXFileReference; fileEncoding = 4; lastKnownFileType = text; path = "shell-app.bundle"; sourceTree = "<group>"; };
		BA490C44FF23427FBCE42DFD /* MaterialCommunityIcons.ttf */ = {isa = PBXFileReference; explicitFileType = undefined; fileEncoding = 9; includeInIndex = 0; lastKnownFileType = unknown; name = MaterialCommunityIcons.ttf; path = ".react-native-vector-icons/Fonts/MaterialCommunityIcons.ttf"; sourceTree = "<group>"; };
		BBBF595A42CD4C81B1267865 /* Entypo.ttf */ = {isa = PBXFileReference; explicitFileType = undefined; fileEncoding = 9; includeInIndex = 0; lastKnownFileType = unknown; name = Entypo.ttf; path = ".react-native-vector-icons/Fonts/Entypo.ttf"; sourceTree = "<group>"; };
		C4A88D15726AD99E8A257BC7 /* libPods-universes-mobile.a */ = {isa = PBXFileReference; explicitFileType = archive.ar; includeInIndex = 0; path = "libPods-universes-mobile.a"; sourceTree = BUILT_PRODUCTS_DIR; };
		C69ABD85F8A846CB9F1A674C /* AntDesign.ttf */ = {isa = PBXFileReference; explicitFileType = undefined; fileEncoding = 9; includeInIndex = 0; lastKnownFileType = unknown; name = AntDesign.ttf; path = ".react-native-vector-icons/Fonts/AntDesign.ttf"; sourceTree = "<group>"; };
		CE16FC3CC69944019FCD716E /* Roboto-Medium.ttf */ = {isa = PBXFileReference; explicitFileType = undefined; fileEncoding = 9; includeInIndex = 0; lastKnownFileType = unknown; name = "Roboto-Medium.ttf"; path = "../assets/fonts/Roboto-Medium.ttf"; sourceTree = "<group>"; };
		E1DBF42B629D4E29BFE0EA5C /* Zocial.ttf */ = {isa = PBXFileReference; explicitFileType = undefined; fileEncoding = 9; includeInIndex = 0; lastKnownFileType = unknown; name = Zocial.ttf; path = ".react-native-vector-icons/Fonts/Zocial.ttf"; sourceTree = "<group>"; };
		E8972B5676814920A4D86091 /* Roboto-LightItalic.ttf */ = {isa = PBXFileReference; explicitFileType = undefined; fileEncoding = 9; includeInIndex = 0; lastKnownFileType = unknown; name = "Roboto-LightItalic.ttf"; path = "../assets/fonts/Roboto-LightItalic.ttf"; sourceTree = "<group>"; };
		EEE54E280759439EA65B652D /* Roboto-Thin.ttf */ = {isa = PBXFileReference; explicitFileType = undefined; fileEncoding = 9; includeInIndex = 0; lastKnownFileType = unknown; name = "Roboto-Thin.ttf"; path = "../assets/fonts/Roboto-Thin.ttf"; sourceTree = "<group>"; };
		F123E4C49D274BC7AC9CFEFE /* Ionicons.ttf */ = {isa = PBXFileReference; explicitFileType = undefined; fileEncoding = 9; includeInIndex = 0; lastKnownFileType = unknown; name = Ionicons.ttf; path = ".react-native-vector-icons/Fonts/Ionicons.ttf"; sourceTree = "<group>"; };
		F5DA3BCDC0DF497DABBDC1FD /* RobotoCondensed-LightItalic.ttf */ = {isa = PBXFileReference; explicitFileType = undefined; fileEncoding = 9; includeInIndex = 0; lastKnownFileType = unknown; name = "RobotoCondensed-LightItalic.ttf"; path = "../assets/fonts/RobotoCondensed-LightItalic.ttf"; sourceTree = "<group>"; };
		F663E950294B4D3AB7C55E70 /* Roboto-MediumItalic.ttf */ = {isa = PBXFileReference; explicitFileType = undefined; fileEncoding = 9; includeInIndex = 0; lastKnownFileType = unknown; name = "Roboto-MediumItalic.ttf"; path = "../assets/fonts/Roboto-MediumItalic.ttf"; sourceTree = "<group>"; };
		F75F017BAE3B479F92496BAE /* Roboto-Bold.ttf */ = {isa = PBXFileReference; explicitFileType = undefined; fileEncoding = 9; includeInIndex = 0; lastKnownFileType = unknown; name = "Roboto-Bold.ttf"; path = "../assets/fonts/Roboto-Bold.ttf"; sourceTree = "<group>"; };
		FBB8748D8DDD4ED6B03A5876 /* SimpleLineIcons.ttf */ = {isa = PBXFileReference; explicitFileType = undefined; fileEncoding = 9; includeInIndex = 0; lastKnownFileType = unknown; name = SimpleLineIcons.ttf; path = ".react-native-vector-icons/Fonts/SimpleLineIcons.ttf"; sourceTree = "<group>"; };
		3ADF077C625B4FF4A6A43797 /* ReactNativeConfig.xcodeproj */ = {isa = PBXFileReference; name = "ReactNativeConfig.xcodeproj"; path = "../node_modules/react-native-config/ios/ReactNativeConfig.xcodeproj"; sourceTree = "<group>"; fileEncoding = undefined; lastKnownFileType = wrapper.pb-project; explicitFileType = undefined; includeInIndex = 0; };
		3428C97CE426431EB0BE8FE2 /* libReactNativeConfig.a */ = {isa = PBXFileReference; name = "libReactNativeConfig.a"; path = "libReactNativeConfig.a"; sourceTree = "<group>"; fileEncoding = undefined; lastKnownFileType = archive.ar; explicitFileType = undefined; includeInIndex = 0; };
		171BE7A0B66847358FB61CF4 /* AntDesign.ttf */ = {isa = PBXFileReference; name = "AntDesign.ttf"; path = "../node_modules/react-native-vector-icons/Fonts/AntDesign.ttf"; sourceTree = "<group>"; fileEncoding = undefined; lastKnownFileType = unknown; explicitFileType = undefined; includeInIndex = 0; };
		2514BF93D66846FCAFC1B8DD /* Entypo.ttf */ = {isa = PBXFileReference; name = "Entypo.ttf"; path = "../node_modules/react-native-vector-icons/Fonts/Entypo.ttf"; sourceTree = "<group>"; fileEncoding = undefined; lastKnownFileType = unknown; explicitFileType = undefined; includeInIndex = 0; };
		E30EBEE2192147F9B2D0A54D /* EvilIcons.ttf */ = {isa = PBXFileReference; name = "EvilIcons.ttf"; path = "../node_modules/react-native-vector-icons/Fonts/EvilIcons.ttf"; sourceTree = "<group>"; fileEncoding = undefined; lastKnownFileType = unknown; explicitFileType = undefined; includeInIndex = 0; };
		75E24ED02E944D809A6C528A /* Feather.ttf */ = {isa = PBXFileReference; name = "Feather.ttf"; path = "../node_modules/react-native-vector-icons/Fonts/Feather.ttf"; sourceTree = "<group>"; fileEncoding = undefined; lastKnownFileType = unknown; explicitFileType = undefined; includeInIndex = 0; };
		86BC01192A31444E9BD3E135 /* FontAwesome.ttf */ = {isa = PBXFileReference; name = "FontAwesome.ttf"; path = "../node_modules/react-native-vector-icons/Fonts/FontAwesome.ttf"; sourceTree = "<group>"; fileEncoding = undefined; lastKnownFileType = unknown; explicitFileType = undefined; includeInIndex = 0; };
		D2385B6E519145438C7E51BE /* FontAwesome5_Brands.ttf */ = {isa = PBXFileReference; name = "FontAwesome5_Brands.ttf"; path = "../node_modules/react-native-vector-icons/Fonts/FontAwesome5_Brands.ttf"; sourceTree = "<group>"; fileEncoding = undefined; lastKnownFileType = unknown; explicitFileType = undefined; includeInIndex = 0; };
		ED8CFA43DA4743059CF93BFB /* FontAwesome5_Regular.ttf */ = {isa = PBXFileReference; name = "FontAwesome5_Regular.ttf"; path = "../node_modules/react-native-vector-icons/Fonts/FontAwesome5_Regular.ttf"; sourceTree = "<group>"; fileEncoding = undefined; lastKnownFileType = unknown; explicitFileType = undefined; includeInIndex = 0; };
		B1EBACCCA663433BAD077639 /* FontAwesome5_Solid.ttf */ = {isa = PBXFileReference; name = "FontAwesome5_Solid.ttf"; path = "../node_modules/react-native-vector-icons/Fonts/FontAwesome5_Solid.ttf"; sourceTree = "<group>"; fileEncoding = undefined; lastKnownFileType = unknown; explicitFileType = undefined; includeInIndex = 0; };
		113418A9872C4D88B90B7733 /* Foundation.ttf */ = {isa = PBXFileReference; name = "Foundation.ttf"; path = "../node_modules/react-native-vector-icons/Fonts/Foundation.ttf"; sourceTree = "<group>"; fileEncoding = undefined; lastKnownFileType = unknown; explicitFileType = undefined; includeInIndex = 0; };
		550F84A0AA0744B59BB1C4B4 /* Ionicons.ttf */ = {isa = PBXFileReference; name = "Ionicons.ttf"; path = "../node_modules/react-native-vector-icons/Fonts/Ionicons.ttf"; sourceTree = "<group>"; fileEncoding = undefined; lastKnownFileType = unknown; explicitFileType = undefined; includeInIndex = 0; };
		C927FB68E6174CC9AFBA38B5 /* MaterialCommunityIcons.ttf */ = {isa = PBXFileReference; name = "MaterialCommunityIcons.ttf"; path = "../node_modules/react-native-vector-icons/Fonts/MaterialCommunityIcons.ttf"; sourceTree = "<group>"; fileEncoding = undefined; lastKnownFileType = unknown; explicitFileType = undefined; includeInIndex = 0; };
		5D724F73D56A47D7BAAE9094 /* MaterialIcons.ttf */ = {isa = PBXFileReference; name = "MaterialIcons.ttf"; path = "../node_modules/react-native-vector-icons/Fonts/MaterialIcons.ttf"; sourceTree = "<group>"; fileEncoding = undefined; lastKnownFileType = unknown; explicitFileType = undefined; includeInIndex = 0; };
		F89E2C30E7C94B46B666F24E /* Octicons.ttf */ = {isa = PBXFileReference; name = "Octicons.ttf"; path = "../node_modules/react-native-vector-icons/Fonts/Octicons.ttf"; sourceTree = "<group>"; fileEncoding = undefined; lastKnownFileType = unknown; explicitFileType = undefined; includeInIndex = 0; };
		2D8CCA29608645B99A27BF65 /* SimpleLineIcons.ttf */ = {isa = PBXFileReference; name = "SimpleLineIcons.ttf"; path = "../node_modules/react-native-vector-icons/Fonts/SimpleLineIcons.ttf"; sourceTree = "<group>"; fileEncoding = undefined; lastKnownFileType = unknown; explicitFileType = undefined; includeInIndex = 0; };
		A2FBB60F3CD64133A885F24B /* Zocial.ttf */ = {isa = PBXFileReference; name = "Zocial.ttf"; path = "../node_modules/react-native-vector-icons/Fonts/Zocial.ttf"; sourceTree = "<group>"; fileEncoding = undefined; lastKnownFileType = unknown; explicitFileType = undefined; includeInIndex = 0; };
/* End PBXFileReference section */

/* Begin PBXFrameworksBuildPhase section */
		B563863E1DB9693800A0598C /* Frameworks */ = {
			isa = PBXFrameworksBuildPhase;
			buildActionMask = 2147483647;
			files = (
				EBB8117C1BFA0514F79CAF74 /* libPods-universes-mobile.a in Frameworks */,
				65918D5F63874731B4B16DDA /* libAutoGrowTextInput.a in Frameworks */,
				88E2CF1DD12F4A959957A660 /* libReactNativeConfig.a in Frameworks */,
			);
			runOnlyForDeploymentPostprocessing = 0;
		};
/* End PBXFrameworksBuildPhase section */

/* Begin PBXGroup section */
		1A42804E64B7E9E0AB8B6799 /* Frameworks */ = {
			isa = PBXGroup;
			children = (
				C4A88D15726AD99E8A257BC7 /* libPods-universes-mobile.a */,
			);
			name = Frameworks;
			sourceTree = "<group>";
		};
		228B43FF3E124AD292C465C2 /* Resources */ = {
			isa = PBXGroup;
			children = (
				C69ABD85F8A846CB9F1A674C /* AntDesign.ttf */,
				BBBF595A42CD4C81B1267865 /* Entypo.ttf */,
				321C3BBFE0E6417F98462DBC /* EvilIcons.ttf */,
				5FBF7E9168B249B2835219E4 /* Feather.ttf */,
				B08FCD1AE8C44D0AB1C1C6B9 /* FontAwesome.ttf */,
				A2CEFD79C2074615929C6D24 /* FontAwesome5_Brands.ttf */,
				4973040646D54CB782E0185A /* FontAwesome5_Regular.ttf */,
				5AF9E90BF71C48C5AA5CFA41 /* FontAwesome5_Solid.ttf */,
				B330063F0E3F4F008B351765 /* Foundation.ttf */,
				F123E4C49D274BC7AC9CFEFE /* Ionicons.ttf */,
				BA490C44FF23427FBCE42DFD /* MaterialCommunityIcons.ttf */,
				9CEF45E5BE3E4C75936F0828 /* MaterialIcons.ttf */,
				98D5EA0D17E24B13B71DE316 /* Octicons.ttf */,
				FBB8748D8DDD4ED6B03A5876 /* SimpleLineIcons.ttf */,
				E1DBF42B629D4E29BFE0EA5C /* Zocial.ttf */,
				03C0353D760746319731D190 /* VINCHAND.ttf */,
				97BA0918C5C649F4A01754E7 /* vincHand.ttf */,
				AA7568AD268C4F9996EE5C97 /* Roboto-Black.ttf */,
				15517523C66847279F831E67 /* Roboto-BlackItalic.ttf */,
				F75F017BAE3B479F92496BAE /* Roboto-Bold.ttf */,
				6569E2198CD84205A03A0A6D /* Roboto-BoldItalic.ttf */,
				853C414080A04BA082DBF7CA /* Roboto-Italic.ttf */,
				2C7AB4C910F945D4B6FF9CBA /* Roboto-Light.ttf */,
				E8972B5676814920A4D86091 /* Roboto-LightItalic.ttf */,
				CE16FC3CC69944019FCD716E /* Roboto-Medium.ttf */,
				F663E950294B4D3AB7C55E70 /* Roboto-MediumItalic.ttf */,
				2577E4CA86D24D77AEC69130 /* Roboto-Regular.ttf */,
				EEE54E280759439EA65B652D /* Roboto-Thin.ttf */,
				732C2E8A5B24478385200070 /* Roboto-ThinItalic.ttf */,
				17CE8BEB026E4DC3B47DF562 /* RobotoCondensed-Bold.ttf */,
				09F6E1F3BB024BA8BB8CB334 /* RobotoCondensed-BoldItalic.ttf */,
				277D502FD985437B8E833877 /* RobotoCondensed-Italic.ttf */,
				311C95F342854857A8007047 /* RobotoCondensed-Light.ttf */,
				F5DA3BCDC0DF497DABBDC1FD /* RobotoCondensed-LightItalic.ttf */,
				9CFA54A2E03247619119A86A /* RobotoCondensed-Regular.ttf */,
				171BE7A0B66847358FB61CF4 /* AntDesign.ttf */,
				2514BF93D66846FCAFC1B8DD /* Entypo.ttf */,
				E30EBEE2192147F9B2D0A54D /* EvilIcons.ttf */,
				75E24ED02E944D809A6C528A /* Feather.ttf */,
				86BC01192A31444E9BD3E135 /* FontAwesome.ttf */,
				D2385B6E519145438C7E51BE /* FontAwesome5_Brands.ttf */,
				ED8CFA43DA4743059CF93BFB /* FontAwesome5_Regular.ttf */,
				B1EBACCCA663433BAD077639 /* FontAwesome5_Solid.ttf */,
				113418A9872C4D88B90B7733 /* Foundation.ttf */,
				550F84A0AA0744B59BB1C4B4 /* Ionicons.ttf */,
				C927FB68E6174CC9AFBA38B5 /* MaterialCommunityIcons.ttf */,
				5D724F73D56A47D7BAAE9094 /* MaterialIcons.ttf */,
				F89E2C30E7C94B46B666F24E /* Octicons.ttf */,
				2D8CCA29608645B99A27BF65 /* SimpleLineIcons.ttf */,
				A2FBB60F3CD64133A885F24B /* Zocial.ttf */,
			);
			name = Resources;
			sourceTree = "<group>";
		};
		5B29BC350A332C58878A9F13 /* Pods */ = {
			isa = PBXGroup;
			children = (
				2C1548D9E4CB1AEFA5CCAE6D /* Pods-universes-mobile.debug.xcconfig */,
				A47FE4D7F70906B7DC8CE39B /* Pods-universes-mobile.release.xcconfig */,
			);
			name = Pods;
			sourceTree = "<group>";
		};
		84C5FAE92248CE34006E5B96 /* Recovered References */ = {
			isa = PBXGroup;
			children = (
				7683E2761A2942B7ACBD6BE0 /* libAutoGrowTextInput.a */,
			);
			name = "Recovered References";
			sourceTree = "<group>";
		};
		84C5FAEA2248CE34006E5B96 /* Products */ = {
			isa = PBXGroup;
			children = (
				84C5FAEE2248CE34006E5B96 /* libAutoGrowTextInput.a */,
			);
			name = Products;
			sourceTree = "<group>";
		};
		B56386381DB9693800A0598C = {
			isa = PBXGroup;
			children = (
				B56386431DB9693800A0598C /* universes-mobile */,
				B56386421DB9693800A0598C /* Products */,
				5B29BC350A332C58878A9F13 /* Pods */,
				1A42804E64B7E9E0AB8B6799 /* Frameworks */,
				228B43FF3E124AD292C465C2 /* Resources */,
				B9B0DF25F9BB413AB10A83B7 /* Libraries */,
				84C5FAE92248CE34006E5B96 /* Recovered References */,
			);
			sourceTree = "<group>";
		};
		B56386421DB9693800A0598C /* Products */ = {
			isa = PBXGroup;
			children = (
				B56386411DB9693800A0598C /* universes-mobile.app */,
			);
			name = Products;
			sourceTree = "<group>";
		};
		B56386431DB9693800A0598C /* universes-mobile */ = {
			isa = PBXGroup;
			children = (
				B56386471DB9693800A0598C /* AppDelegate.h */,
				B56386481DB9693800A0598C /* AppDelegate.m */,
				B56386501DB9693800A0598C /* Assets.xcassets */,
				B563865B1DB96A5E00A0598C /* Supporting */,
			);
			path = "universes-mobile";
			sourceTree = "<group>";
		};
		B563865B1DB96A5E00A0598C /* Supporting */ = {
			isa = PBXGroup;
			children = (
				B5693E901FABD46800307FA4 /* launch_icon.png */,
				B5DB047E1F3A684600E91581 /* shell-app-manifest.json */,
				B5DB047F1F3A684600E91581 /* shell-app.bundle */,
				B5CFBF4E1EDE419400B4BE24 /* EXBuildConstants.plist */,
				B501732A1DC01252003445D9 /* EXShell.plist */,
				B56386661DB9994300A0598C /* EXSDKVersions.plist */,
				B563865C1DB96A5E00A0598C /* Info.plist */,
				B563865E1DB96A5E00A0598C /* main.m */,
			);
			path = Supporting;
			sourceTree = "<group>";
		};
		B9B0DF25F9BB413AB10A83B7 /* Libraries */ = {
			isa = PBXGroup;
			children = (
				04629395A684409CB1D819B2 /* AutoGrowTextInput.xcodeproj */,
				3ADF077C625B4FF4A6A43797 /* ReactNativeConfig.xcodeproj */,
			);
			name = Libraries;
			sourceTree = "<group>";
		};
/* End PBXGroup section */

/* Begin PBXNativeTarget section */
		B56386401DB9693800A0598C /* universes-mobile */ = {
			isa = PBXNativeTarget;
			buildConfigurationList = B56386581DB9693800A0598C /* Build configuration list for PBXNativeTarget "universes-mobile" */;
			buildPhases = (
				23539343DCC44EF8449429EE /* [CP] Check Pods Manifest.lock */,
				B5722AD01DFB7E3F0084848F /* Prepare Expo */,
				B563863D1DB9693800A0598C /* Sources */,
				B563863E1DB9693800A0598C /* Frameworks */,
				B563863F1DB9693800A0598C /* Resources */,
				AA38385B7D8D0854176B72FC /* [CP] Copy Pods Resources */,
				19D233B7204FDD7D0087ED51 /* Bundle Expo Assets */,
				7C2DD77E339B902D42A3FE7E /* [CP] Embed Pods Frameworks */,
			);
			buildRules = (
			);
			dependencies = (
			);
			name = "universes-mobile";
			productName = "universes-mobile";
			productReference = B56386411DB9693800A0598C /* universes-mobile.app */;
			productType = "com.apple.product-type.application";
		};
/* End PBXNativeTarget section */

/* Begin PBXProject section */
		B56386391DB9693800A0598C /* Project object */ = {
			isa = PBXProject;
			attributes = {
				LastUpgradeCheck = 900;
				ORGANIZATIONNAME = "650 Industries, Inc.";
				TargetAttributes = {
					B56386401DB9693800A0598C = {
						CreatedOnToolsVersion = 8.0;
						DevelopmentTeam = U28URW9S3B;
						ProvisioningStyle = Automatic;
					};
				};
			};
			buildConfigurationList = B563863C1DB9693800A0598C /* Build configuration list for PBXProject "universes-mobile" */;
			compatibilityVersion = "Xcode 3.2";
			developmentRegion = English;
			hasScannedForEncodings = 0;
			knownRegions = (
				en,
				Base,
			);
			mainGroup = B56386381DB9693800A0598C;
			productRefGroup = B56386421DB9693800A0598C /* Products */;
			projectDirPath = "";
			projectReferences = (
				{
					ProductGroup = 84C5FAEA2248CE34006E5B96 /* Products */;
					ProjectRef = 04629395A684409CB1D819B2 /* AutoGrowTextInput.xcodeproj */;
				},
			);
			projectRoot = "";
			targets = (
				B56386401DB9693800A0598C /* universes-mobile */,
			);
		};
/* End PBXProject section */

/* Begin PBXReferenceProxy section */
		84C5FAEE2248CE34006E5B96 /* libAutoGrowTextInput.a */ = {
			isa = PBXReferenceProxy;
			fileType = archive.ar;
			path = libAutoGrowTextInput.a;
			remoteRef = 84C5FAED2248CE34006E5B96 /* PBXContainerItemProxy */;
			sourceTree = BUILT_PRODUCTS_DIR;
		};
/* End PBXReferenceProxy section */

/* Begin PBXResourcesBuildPhase section */
		B563863F1DB9693800A0598C /* Resources */ = {
			isa = PBXResourcesBuildPhase;
			buildActionMask = 2147483647;
			files = (
				B501732B1DC01252003445D9 /* EXShell.plist in Resources */,
				B5CFBF4F1EDE419400B4BE24 /* EXBuildConstants.plist in Resources */,
				B56386671DB9994300A0598C /* EXSDKVersions.plist in Resources */,
				B5693E921FABD46800307FA4 /* launch_icon.png in Resources */,
				B5DB04801F3A684600E91581 /* shell-app-manifest.json in Resources */,
				B5DB04811F3A684600E91581 /* shell-app.bundle in Resources */,
				B56386511DB9693800A0598C /* Assets.xcassets in Resources */,
				C42AEB1996DC4D26822FBFD1 /* AntDesign.ttf in Resources */,
				6CA4BF2FACE940F4A6DCD005 /* Entypo.ttf in Resources */,
				2E2A1D45A4194DEC9D5F2377 /* EvilIcons.ttf in Resources */,
				3EBD4C56DCB542D6A3D9EBD6 /* Feather.ttf in Resources */,
				9A04331E528B45D2B11C64B1 /* FontAwesome.ttf in Resources */,
				DF4DB63546AE4F07863DCCB7 /* FontAwesome5_Brands.ttf in Resources */,
				EB8221103FC04E1396771EDF /* FontAwesome5_Regular.ttf in Resources */,
				78DDDA765B7B465D9E7E5753 /* FontAwesome5_Solid.ttf in Resources */,
				FE81D867DF9D4143BE1E9E66 /* Foundation.ttf in Resources */,
				806EBE683C7B4741AE9A77B6 /* Ionicons.ttf in Resources */,
				3024DAD8151D4B7E95FEE6BF /* MaterialCommunityIcons.ttf in Resources */,
				58866359E19F49E9AAE81B12 /* MaterialIcons.ttf in Resources */,
				DF0DAE8C70034B0B86A3238F /* Octicons.ttf in Resources */,
				D5E213D765284371802CF0E0 /* SimpleLineIcons.ttf in Resources */,
				0F1EDAC12D954FEB815BC498 /* Zocial.ttf in Resources */,
				D7378318E5B94948A55398CD /* VINCHAND.ttf in Resources */,
				35BB0393792943C68BAC4E13 /* vincHand.ttf in Resources */,
				BC20192D968F46F68A3D07E3 /* Roboto-Black.ttf in Resources */,
				92EDA488A9564911858A567E /* Roboto-BlackItalic.ttf in Resources */,
				4DD82909F7274DC6B67EF494 /* Roboto-Bold.ttf in Resources */,
				A770E76397FB47009D9F8FA2 /* Roboto-BoldItalic.ttf in Resources */,
				56E6A5931866406AA8610358 /* Roboto-Italic.ttf in Resources */,
				D8FB5DE015AE435DB59A0590 /* Roboto-Light.ttf in Resources */,
				6ECF65E8121241D491B9C732 /* Roboto-LightItalic.ttf in Resources */,
				3AFB4ABF01F04E308FF81EB7 /* Roboto-Medium.ttf in Resources */,
				E75CE3B358C743AC91EAF9D2 /* Roboto-MediumItalic.ttf in Resources */,
				F6DFCDE2AD9844218A171EFD /* Roboto-Regular.ttf in Resources */,
				0652DB49F4884362B14C6A01 /* Roboto-Thin.ttf in Resources */,
				8F96BAC00A3C4C0E9E070BD5 /* Roboto-ThinItalic.ttf in Resources */,
				315835B50A8B4EEA9F32239B /* RobotoCondensed-Bold.ttf in Resources */,
				994D3C0A85824AF283707218 /* RobotoCondensed-BoldItalic.ttf in Resources */,
				41FE56A927E24F09A7E70CC9 /* RobotoCondensed-Italic.ttf in Resources */,
				BCDFEC9C7C314BD7817483DC /* RobotoCondensed-Light.ttf in Resources */,
				79912588536C4459936BAC20 /* RobotoCondensed-LightItalic.ttf in Resources */,
				503F7FB088D44319BAFEED25 /* RobotoCondensed-Regular.ttf in Resources */,
				B893FA12FA9B4EB8AD23D327 /* AntDesign.ttf in Resources */,
				CB1436CAB21B40028E5C156A /* Entypo.ttf in Resources */,
				3D98D2AD6D2245B99968D5AC /* EvilIcons.ttf in Resources */,
				C531929FEFCC4A5DAABFA898 /* Feather.ttf in Resources */,
				FAFC61DC196644968D2253D0 /* FontAwesome.ttf in Resources */,
				AA67480097DE440FB4618D18 /* FontAwesome5_Brands.ttf in Resources */,
				F92CC6C0B4AD4B42A43FBF67 /* FontAwesome5_Regular.ttf in Resources */,
				D3C0DB4CCED546A6A278AA09 /* FontAwesome5_Solid.ttf in Resources */,
				4EE4A04986664FEEBE099F36 /* Foundation.ttf in Resources */,
				FD878D1260804101BB7DBB1C /* Ionicons.ttf in Resources */,
				3ACDBE98052746688AD87FD7 /* MaterialCommunityIcons.ttf in Resources */,
				9991CA30561F49F98EEDE6D0 /* MaterialIcons.ttf in Resources */,
				6849B2FC947B41619FA7BF5A /* Octicons.ttf in Resources */,
				D448E0226F704A028BDE256C /* SimpleLineIcons.ttf in Resources */,
				16A0FB9025B54E3E9CED9186 /* Zocial.ttf in Resources */,
			);
			runOnlyForDeploymentPostprocessing = 0;
		};
/* End PBXResourcesBuildPhase section */

/* Begin PBXShellScriptBuildPhase section */
		19D233B7204FDD7D0087ED51 /* Bundle Expo Assets */ = {
			isa = PBXShellScriptBuildPhase;
			buildActionMask = 2147483647;
			files = (
			);
			inputPaths = (
			);
			name = "Bundle Expo Assets";
			outputPaths = (
			);
			runOnlyForDeploymentPostprocessing = 0;
			shellPath = /bin/sh;
			shellScript = "set -eo pipefail\n\nif [ \"$CONFIGURATION\" == \"Debug\" ]; then\n  echo \"Skipping asset bundling in debug mode.\"\n  exit 0\nfi\n\npushd \"${SRCROOT}/..\"\nexport PATH=\"$(if [ -f ~/.expo/PATH ]; then echo $PATH:$(cat ~/.expo/PATH); else echo $PATH; fi)\"\ndest=\"$CONFIGURATION_BUILD_DIR/$UNLOCALIZED_RESOURCES_FOLDER_PATH\"\nexpo bundle-assets --platform ios --dest \"$dest\"\npopd\n";
		};
		23539343DCC44EF8449429EE /* [CP] Check Pods Manifest.lock */ = {
			isa = PBXShellScriptBuildPhase;
			buildActionMask = 2147483647;
			files = (
			);
			inputPaths = (
				"${PODS_PODFILE_DIR_PATH}/Podfile.lock",
				"${PODS_ROOT}/Manifest.lock",
			);
			name = "[CP] Check Pods Manifest.lock";
			outputPaths = (
				"$(DERIVED_FILE_DIR)/Pods-universes-mobile-checkManifestLockResult.txt",
			);
			runOnlyForDeploymentPostprocessing = 0;
			shellPath = /bin/sh;
			shellScript = "diff \"${PODS_PODFILE_DIR_PATH}/Podfile.lock\" \"${PODS_ROOT}/Manifest.lock\" > /dev/null\nif [ $? != 0 ] ; then\n    # print error to STDERR\n    echo \"error: The sandbox is not in sync with the Podfile.lock. Run 'pod install' or update your CocoaPods installation.\" >&2\n    exit 1\nfi\n# This output is used by Xcode 'outputs' to avoid re-running this script phase.\necho \"SUCCESS\" > \"${SCRIPT_OUTPUT_FILE_0}\"\n";
			showEnvVarsInLog = 0;
		};
		7C2DD77E339B902D42A3FE7E /* [CP] Embed Pods Frameworks */ = {
			isa = PBXShellScriptBuildPhase;
			buildActionMask = 2147483647;
			files = (
			);
			inputFileListPaths = (
			);
			inputPaths = (
			);
			name = "[CP] Embed Pods Frameworks";
			outputFileListPaths = (
			);
			outputPaths = (
			);
			runOnlyForDeploymentPostprocessing = 0;
			shellPath = /bin/sh;
			shellScript = "\"${SRCROOT}/Pods/Target Support Files/Pods-universes-mobile/Pods-universes-mobile-frameworks.sh\"\n";
			showEnvVarsInLog = 0;
		};
		AA38385B7D8D0854176B72FC /* [CP] Copy Pods Resources */ = {
			isa = PBXShellScriptBuildPhase;
			buildActionMask = 2147483647;
			files = (
			);
			inputPaths = (
				"${SRCROOT}/Pods/Target Support Files/Pods-universes-mobile/Pods-universes-mobile-resources.sh",
				"${PODS_ROOT}/Amplitude-iOS/Amplitude/api.amplitude.com.der",
				"${PODS_ROOT}/Amplitude-iOS/Amplitude/ComodoCaLimitedRsaCertificationAuthority.der",
				"${PODS_ROOT}/Amplitude-iOS/Amplitude/ComodoRsaCA.der",
				"${PODS_ROOT}/Amplitude-iOS/Amplitude/ComodoRsaDomainValidationCA.der",
				"${PODS_ROOT}/FBSDKCoreKit/FacebookSDKStrings.bundle",
				"${PODS_ROOT}/GoogleMaps/Maps/Frameworks/GoogleMaps.framework/Resources/GoogleMaps.bundle",
				"${PODS_ROOT}/GoogleSignIn/Resources/GoogleSignIn.bundle",
				"${PODS_ROOT}/../.react-native-vector-icons/Fonts/AntDesign.ttf",
				"${PODS_ROOT}/../.react-native-vector-icons/Fonts/Entypo.ttf",
				"${PODS_ROOT}/../.react-native-vector-icons/Fonts/EvilIcons.ttf",
				"${PODS_ROOT}/../.react-native-vector-icons/Fonts/Feather.ttf",
				"${PODS_ROOT}/../.react-native-vector-icons/Fonts/FontAwesome.ttf",
				"${PODS_ROOT}/../.react-native-vector-icons/Fonts/FontAwesome5_Brands.ttf",
				"${PODS_ROOT}/../.react-native-vector-icons/Fonts/FontAwesome5_Regular.ttf",
				"${PODS_ROOT}/../.react-native-vector-icons/Fonts/FontAwesome5_Solid.ttf",
				"${PODS_ROOT}/../.react-native-vector-icons/Fonts/Foundation.ttf",
				"${PODS_ROOT}/../.react-native-vector-icons/Fonts/Ionicons.ttf",
				"${PODS_ROOT}/../.react-native-vector-icons/Fonts/MaterialCommunityIcons.ttf",
				"${PODS_ROOT}/../.react-native-vector-icons/Fonts/MaterialIcons.ttf",
				"${PODS_ROOT}/../.react-native-vector-icons/Fonts/Octicons.ttf",
				"${PODS_ROOT}/../.react-native-vector-icons/Fonts/SimpleLineIcons.ttf",
				"${PODS_ROOT}/../.react-native-vector-icons/Fonts/Zocial.ttf",
			);
			name = "[CP] Copy Pods Resources";
			outputPaths = (
				"${TARGET_BUILD_DIR}/${UNLOCALIZED_RESOURCES_FOLDER_PATH}/api.amplitude.com.der",
				"${TARGET_BUILD_DIR}/${UNLOCALIZED_RESOURCES_FOLDER_PATH}/ComodoCaLimitedRsaCertificationAuthority.der",
				"${TARGET_BUILD_DIR}/${UNLOCALIZED_RESOURCES_FOLDER_PATH}/ComodoRsaCA.der",
				"${TARGET_BUILD_DIR}/${UNLOCALIZED_RESOURCES_FOLDER_PATH}/ComodoRsaDomainValidationCA.der",
				"${TARGET_BUILD_DIR}/${UNLOCALIZED_RESOURCES_FOLDER_PATH}/FacebookSDKStrings.bundle",
				"${TARGET_BUILD_DIR}/${UNLOCALIZED_RESOURCES_FOLDER_PATH}/GoogleMaps.bundle",
				"${TARGET_BUILD_DIR}/${UNLOCALIZED_RESOURCES_FOLDER_PATH}/GoogleSignIn.bundle",
				"${TARGET_BUILD_DIR}/${UNLOCALIZED_RESOURCES_FOLDER_PATH}/AntDesign.ttf",
				"${TARGET_BUILD_DIR}/${UNLOCALIZED_RESOURCES_FOLDER_PATH}/Entypo.ttf",
				"${TARGET_BUILD_DIR}/${UNLOCALIZED_RESOURCES_FOLDER_PATH}/EvilIcons.ttf",
				"${TARGET_BUILD_DIR}/${UNLOCALIZED_RESOURCES_FOLDER_PATH}/Feather.ttf",
				"${TARGET_BUILD_DIR}/${UNLOCALIZED_RESOURCES_FOLDER_PATH}/FontAwesome.ttf",
				"${TARGET_BUILD_DIR}/${UNLOCALIZED_RESOURCES_FOLDER_PATH}/FontAwesome5_Brands.ttf",
				"${TARGET_BUILD_DIR}/${UNLOCALIZED_RESOURCES_FOLDER_PATH}/FontAwesome5_Regular.ttf",
				"${TARGET_BUILD_DIR}/${UNLOCALIZED_RESOURCES_FOLDER_PATH}/FontAwesome5_Solid.ttf",
				"${TARGET_BUILD_DIR}/${UNLOCALIZED_RESOURCES_FOLDER_PATH}/Foundation.ttf",
				"${TARGET_BUILD_DIR}/${UNLOCALIZED_RESOURCES_FOLDER_PATH}/Ionicons.ttf",
				"${TARGET_BUILD_DIR}/${UNLOCALIZED_RESOURCES_FOLDER_PATH}/MaterialCommunityIcons.ttf",
				"${TARGET_BUILD_DIR}/${UNLOCALIZED_RESOURCES_FOLDER_PATH}/MaterialIcons.ttf",
				"${TARGET_BUILD_DIR}/${UNLOCALIZED_RESOURCES_FOLDER_PATH}/Octicons.ttf",
				"${TARGET_BUILD_DIR}/${UNLOCALIZED_RESOURCES_FOLDER_PATH}/SimpleLineIcons.ttf",
				"${TARGET_BUILD_DIR}/${UNLOCALIZED_RESOURCES_FOLDER_PATH}/Zocial.ttf",
			);
			runOnlyForDeploymentPostprocessing = 0;
			shellPath = /bin/sh;
			shellScript = "\"${SRCROOT}/Pods/Target Support Files/Pods-universes-mobile/Pods-universes-mobile-resources.sh\"\n";
			showEnvVarsInLog = 0;
		};
		B5722AD01DFB7E3F0084848F /* Prepare Expo */ = {
			isa = PBXShellScriptBuildPhase;
			buildActionMask = 2147483647;
			files = (
			);
			inputPaths = (
			);
			name = "Prepare Expo";
			outputPaths = (
			);
			runOnlyForDeploymentPostprocessing = 0;
			shellPath = /bin/bash;
			shellScript = "set -eo pipefail\n\npushd \"${SRCROOT}/..\"\nexport PATH=\"$(if [ -f ~/.expo/PATH ]; then echo $PATH:$(cat ~/.expo/PATH); else echo $PATH; fi)\"\nexpo prepare-detached-build --platform ios\npopd\n";
		};
/* End PBXShellScriptBuildPhase section */

/* Begin PBXSourcesBuildPhase section */
		B563863D1DB9693800A0598C /* Sources */ = {
			isa = PBXSourcesBuildPhase;
			buildActionMask = 2147483647;
			files = (
				B56386611DB96A5E00A0598C /* main.m in Sources */,
				B56386491DB9693800A0598C /* AppDelegate.m in Sources */,
			);
			runOnlyForDeploymentPostprocessing = 0;
		};
/* End PBXSourcesBuildPhase section */

/* Begin XCBuildConfiguration section */
		B56386561DB9693800A0598C /* Debug */ = {
			isa = XCBuildConfiguration;
			buildSettings = {
				ALWAYS_SEARCH_USER_PATHS = NO;
				CLANG_ANALYZER_NONNULL = YES;
				CLANG_CXX_LANGUAGE_STANDARD = "gnu++0x";
				CLANG_CXX_LIBRARY = "libc++";
				CLANG_ENABLE_MODULES = YES;
				CLANG_ENABLE_OBJC_ARC = YES;
				CLANG_WARN_BLOCK_CAPTURE_AUTORELEASING = YES;
				CLANG_WARN_BOOL_CONVERSION = YES;
				CLANG_WARN_COMMA = YES;
				CLANG_WARN_CONSTANT_CONVERSION = YES;
				CLANG_WARN_DIRECT_OBJC_ISA_USAGE = YES_ERROR;
				CLANG_WARN_DOCUMENTATION_COMMENTS = YES;
				CLANG_WARN_EMPTY_BODY = YES;
				CLANG_WARN_ENUM_CONVERSION = YES;
				CLANG_WARN_INFINITE_RECURSION = YES;
				CLANG_WARN_INT_CONVERSION = YES;
				CLANG_WARN_NON_LITERAL_NULL_CONVERSION = YES;
				CLANG_WARN_OBJC_LITERAL_CONVERSION = YES;
				CLANG_WARN_OBJC_ROOT_CLASS = YES_ERROR;
				CLANG_WARN_RANGE_LOOP_ANALYSIS = YES;
				CLANG_WARN_STRICT_PROTOTYPES = YES;
				CLANG_WARN_SUSPICIOUS_MOVE = YES;
				CLANG_WARN_SUSPICIOUS_MOVES = YES;
				CLANG_WARN_UNREACHABLE_CODE = YES;
				CLANG_WARN__DUPLICATE_METHOD_MATCH = YES;
				"CODE_SIGN_IDENTITY[sdk=iphoneos*]" = "iPhone Developer";
				COPY_PHASE_STRIP = NO;
				DEBUG_INFORMATION_FORMAT = dwarf;
				ENABLE_STRICT_OBJC_MSGSEND = YES;
				ENABLE_TESTABILITY = YES;
				GCC_C_LANGUAGE_STANDARD = gnu99;
				GCC_DYNAMIC_NO_PIC = NO;
				GCC_NO_COMMON_BLOCKS = YES;
				GCC_OPTIMIZATION_LEVEL = 0;
				GCC_PREPROCESSOR_DEFINITIONS = (
					"DEBUG=1",
					"$(inherited)",
				);
				GCC_WARN_64_TO_32_BIT_CONVERSION = YES;
				GCC_WARN_ABOUT_RETURN_TYPE = YES_ERROR;
				GCC_WARN_UNDECLARED_SELECTOR = YES;
				GCC_WARN_UNINITIALIZED_AUTOS = YES_AGGRESSIVE;
				GCC_WARN_UNUSED_FUNCTION = YES;
				GCC_WARN_UNUSED_VARIABLE = YES;
				INFOPLIST_OTHER_PREPROCESSOR_FLAGS = "-traditional";
				INFOPLIST_PREFIX_HEADER = "${CONFIGURATION_BUILD_DIR}/GeneratedInfoPlistDotEnv.h";
				INFOPLIST_PREPROCESS = YES;
				IPHONEOS_DEPLOYMENT_TARGET = 10.0;
				MTL_ENABLE_DEBUG_INFO = YES;
				ONLY_ACTIVE_ARCH = YES;
				SDKROOT = iphoneos;
			};
			name = Debug;
		};
		B56386571DB9693800A0598C /* Release */ = {
			isa = XCBuildConfiguration;
			buildSettings = {
				ALWAYS_SEARCH_USER_PATHS = NO;
				CLANG_ANALYZER_NONNULL = YES;
				CLANG_CXX_LANGUAGE_STANDARD = "gnu++0x";
				CLANG_CXX_LIBRARY = "libc++";
				CLANG_ENABLE_MODULES = YES;
				CLANG_ENABLE_OBJC_ARC = YES;
				CLANG_WARN_BLOCK_CAPTURE_AUTORELEASING = YES;
				CLANG_WARN_BOOL_CONVERSION = YES;
				CLANG_WARN_COMMA = YES;
				CLANG_WARN_CONSTANT_CONVERSION = YES;
				CLANG_WARN_DIRECT_OBJC_ISA_USAGE = YES_ERROR;
				CLANG_WARN_DOCUMENTATION_COMMENTS = YES;
				CLANG_WARN_EMPTY_BODY = YES;
				CLANG_WARN_ENUM_CONVERSION = YES;
				CLANG_WARN_INFINITE_RECURSION = YES;
				CLANG_WARN_INT_CONVERSION = YES;
				CLANG_WARN_NON_LITERAL_NULL_CONVERSION = YES;
				CLANG_WARN_OBJC_LITERAL_CONVERSION = YES;
				CLANG_WARN_OBJC_ROOT_CLASS = YES_ERROR;
				CLANG_WARN_RANGE_LOOP_ANALYSIS = YES;
				CLANG_WARN_STRICT_PROTOTYPES = YES;
				CLANG_WARN_SUSPICIOUS_MOVE = YES;
				CLANG_WARN_SUSPICIOUS_MOVES = YES;
				CLANG_WARN_UNREACHABLE_CODE = YES;
				CLANG_WARN__DUPLICATE_METHOD_MATCH = YES;
				"CODE_SIGN_IDENTITY[sdk=iphoneos*]" = "iPhone Developer";
				COPY_PHASE_STRIP = NO;
				DEBUG_INFORMATION_FORMAT = "dwarf-with-dsym";
				ENABLE_NS_ASSERTIONS = NO;
				ENABLE_STRICT_OBJC_MSGSEND = YES;
				GCC_C_LANGUAGE_STANDARD = gnu99;
				GCC_NO_COMMON_BLOCKS = YES;
				GCC_WARN_64_TO_32_BIT_CONVERSION = YES;
				GCC_WARN_ABOUT_RETURN_TYPE = YES_ERROR;
				GCC_WARN_UNDECLARED_SELECTOR = YES;
				GCC_WARN_UNINITIALIZED_AUTOS = YES_AGGRESSIVE;
				GCC_WARN_UNUSED_FUNCTION = YES;
				GCC_WARN_UNUSED_VARIABLE = YES;
				INFOPLIST_OTHER_PREPROCESSOR_FLAGS = "-traditional";
				INFOPLIST_PREFIX_HEADER = "${CONFIGURATION_BUILD_DIR}/GeneratedInfoPlistDotEnv.h";
				INFOPLIST_PREPROCESS = YES;
				IPHONEOS_DEPLOYMENT_TARGET = 10.0;
				MTL_ENABLE_DEBUG_INFO = NO;
				SDKROOT = iphoneos;
				VALIDATE_PRODUCT = YES;
			};
			name = Release;
		};
		B56386591DB9693800A0598C /* Debug */ = {
			isa = XCBuildConfiguration;
			baseConfigurationReference = 2C1548D9E4CB1AEFA5CCAE6D /* Pods-universes-mobile.debug.xcconfig */;
			buildSettings = {
				ASSETCATALOG_COMPILER_APPICON_NAME = AppIcon;
				ASSETCATALOG_COMPILER_LAUNCHIMAGE_NAME = LaunchImage;
				DEVELOPMENT_TEAM = U28URW9S3B;
				INFOPLIST_FILE = "$(SRCROOT)/universes-mobile/Supporting/Info.plist";
				IPHONEOS_DEPLOYMENT_TARGET = 9.0;
				LD_RUNPATH_SEARCH_PATHS = "$(inherited) @executable_path/Frameworks";
				LIBRARY_SEARCH_PATHS = (
					"$(inherited)",
					"\"$(SRCROOT)/$(TARGET_NAME)\"",
				);
				PRODUCT_BUNDLE_IDENTIFIER = team.amigo.media;
				PRODUCT_NAME = "$(TARGET_NAME)";
				TARGETED_DEVICE_FAMILY = "1,2";
			};
			name = Debug;
		};
		B563865A1DB9693800A0598C /* Release */ = {
			isa = XCBuildConfiguration;
			baseConfigurationReference = A47FE4D7F70906B7DC8CE39B /* Pods-universes-mobile.release.xcconfig */;
			buildSettings = {
				ASSETCATALOG_COMPILER_APPICON_NAME = AppIcon;
				ASSETCATALOG_COMPILER_LAUNCHIMAGE_NAME = LaunchImage;
				DEVELOPMENT_TEAM = U28URW9S3B;
				INFOPLIST_FILE = "$(SRCROOT)/universes-mobile/Supporting/Info.plist";
				IPHONEOS_DEPLOYMENT_TARGET = 9.0;
				LD_RUNPATH_SEARCH_PATHS = "$(inherited) @executable_path/Frameworks";
				LIBRARY_SEARCH_PATHS = (
					"$(inherited)",
					"\"$(SRCROOT)/$(TARGET_NAME)\"",
				);
				PRODUCT_BUNDLE_IDENTIFIER = team.amigo.media;
				PRODUCT_NAME = "$(TARGET_NAME)";
				TARGETED_DEVICE_FAMILY = "1,2";
			};
			name = Release;
		};
/* End XCBuildConfiguration section */

/* Begin XCConfigurationList section */
		B563863C1DB9693800A0598C /* Build configuration list for PBXProject "universes-mobile" */ = {
			isa = XCConfigurationList;
			buildConfigurations = (
				B56386561DB9693800A0598C /* Debug */,
				B56386571DB9693800A0598C /* Release */,
			);
			defaultConfigurationIsVisible = 0;
			defaultConfigurationName = Release;
		};
		B56386581DB9693800A0598C /* Build configuration list for PBXNativeTarget "universes-mobile" */ = {
			isa = XCConfigurationList;
			buildConfigurations = (
				B56386591DB9693800A0598C /* Debug */,
				B563865A1DB9693800A0598C /* Release */,
			);
			defaultConfigurationIsVisible = 0;
			defaultConfigurationName = Release;
		};
/* End XCConfigurationList section */
	};
	rootObject = B56386391DB9693800A0598C /* Project object */;
}
